// !$*UTF8*$!
{
	archiveVersion = 1;
	classes = {
	};
	objectVersion = 46;
	objects = {

/* Begin PBXAggregateTarget section */
		24416B8111C4CA220047AFDD /* Build & Test */ = {
			isa = PBXAggregateTarget;
			buildConfigurationList = 24416B8A11C4CA520047AFDD /* Build configuration list for PBXAggregateTarget "Build & Test" */;
			buildPhases = (
				24416B8011C4CA220047AFDD /* ShellScript */,
			);
			dependencies = (
				24416B8511C4CA280047AFDD /* PBXTargetDependency */,
			);
			name = "Build & Test";
			productName = "Build & test";
		};
/* End PBXAggregateTarget section */

/* Begin PBXBuildFile section */
		24DD6CF91134B3F500162E58 /* IoBranchSdkModule.h in Headers */ = {isa = PBXBuildFile; fileRef = 24DD6CF71134B3F500162E58 /* IoBranchSdkModule.h */; };
		24DD6CFA1134B3F500162E58 /* IoBranchSdkModule.m in Sources */ = {isa = PBXBuildFile; fileRef = 24DD6CF81134B3F500162E58 /* IoBranchSdkModule.m */; };
		24DE9E1111C5FE74003F90F6 /* IoBranchSdkModuleAssets.h in Headers */ = {isa = PBXBuildFile; fileRef = 24DE9E0F11C5FE74003F90F6 /* IoBranchSdkModuleAssets.h */; };
		24DE9E1211C5FE74003F90F6 /* IoBranchSdkModuleAssets.m in Sources */ = {isa = PBXBuildFile; fileRef = 24DE9E1011C5FE74003F90F6 /* IoBranchSdkModuleAssets.m */; };
		659F9BF21CAE7E5B0043E199 /* FABAttributes.h in Headers */ = {isa = PBXBuildFile; fileRef = 659F9BEE1CAE7E5B0043E199 /* FABAttributes.h */; };
		659F9BF31CAE7E5B0043E199 /* FABKitProtocol.h in Headers */ = {isa = PBXBuildFile; fileRef = 659F9BEF1CAE7E5B0043E199 /* FABKitProtocol.h */; };
		659F9BF41CAE7E5B0043E199 /* Fabric+FABKits.h in Headers */ = {isa = PBXBuildFile; fileRef = 659F9BF01CAE7E5B0043E199 /* Fabric+FABKits.h */; };
		659F9BF51CAE7E5B0043E199 /* Fabric.h in Headers */ = {isa = PBXBuildFile; fileRef = 659F9BF11CAE7E5B0043E199 /* Fabric.h */; };
		65CDE7D41CAE812D00D2C0FD /* BNCConfig.h in Headers */ = {isa = PBXBuildFile; fileRef = 65CDE7821CAE812D00D2C0FD /* BNCConfig.h */; };
		65CDE7D51CAE812D00D2C0FD /* BNCContentDiscoveryManager.h in Headers */ = {isa = PBXBuildFile; fileRef = 65CDE7831CAE812D00D2C0FD /* BNCContentDiscoveryManager.h */; };
		65CDE7D61CAE812D00D2C0FD /* BNCContentDiscoveryManager.m in Sources */ = {isa = PBXBuildFile; fileRef = 65CDE7841CAE812D00D2C0FD /* BNCContentDiscoveryManager.m */; };
		65CDE7D71CAE812D00D2C0FD /* BNCDeviceInfo.h in Headers */ = {isa = PBXBuildFile; fileRef = 65CDE7851CAE812D00D2C0FD /* BNCDeviceInfo.h */; };
		65CDE7D81CAE812D00D2C0FD /* BNCDeviceInfo.m in Sources */ = {isa = PBXBuildFile; fileRef = 65CDE7861CAE812D00D2C0FD /* BNCDeviceInfo.m */; };
		65CDE7D91CAE812D00D2C0FD /* BNCEncodingUtils.h in Headers */ = {isa = PBXBuildFile; fileRef = 65CDE7871CAE812D00D2C0FD /* BNCEncodingUtils.h */; };
		65CDE7DA1CAE812D00D2C0FD /* BNCEncodingUtils.m in Sources */ = {isa = PBXBuildFile; fileRef = 65CDE7881CAE812D00D2C0FD /* BNCEncodingUtils.m */; };
		65CDE7DB1CAE812D00D2C0FD /* BNCError.h in Headers */ = {isa = PBXBuildFile; fileRef = 65CDE7891CAE812D00D2C0FD /* BNCError.h */; };
		65CDE7DC1CAE812D00D2C0FD /* BNCError.m in Sources */ = {isa = PBXBuildFile; fileRef = 65CDE78A1CAE812D00D2C0FD /* BNCError.m */; };
		65CDE7DD1CAE812D00D2C0FD /* BNCLinkCache.h in Headers */ = {isa = PBXBuildFile; fileRef = 65CDE78B1CAE812D00D2C0FD /* BNCLinkCache.h */; };
		65CDE7DE1CAE812D00D2C0FD /* BNCLinkCache.m in Sources */ = {isa = PBXBuildFile; fileRef = 65CDE78C1CAE812D00D2C0FD /* BNCLinkCache.m */; };
		65CDE7DF1CAE812D00D2C0FD /* BNCLinkData.h in Headers */ = {isa = PBXBuildFile; fileRef = 65CDE78D1CAE812D00D2C0FD /* BNCLinkData.h */; };
		65CDE7E01CAE812D00D2C0FD /* BNCLinkData.m in Sources */ = {isa = PBXBuildFile; fileRef = 65CDE78E1CAE812D00D2C0FD /* BNCLinkData.m */; };
		65CDE7E11CAE812D00D2C0FD /* BNCPreferenceHelper.h in Headers */ = {isa = PBXBuildFile; fileRef = 65CDE78F1CAE812D00D2C0FD /* BNCPreferenceHelper.h */; };
		65CDE7E21CAE812D00D2C0FD /* BNCPreferenceHelper.m in Sources */ = {isa = PBXBuildFile; fileRef = 65CDE7901CAE812D00D2C0FD /* BNCPreferenceHelper.m */; };
		65CDE7E31CAE812D00D2C0FD /* BNCServerInterface.h in Headers */ = {isa = PBXBuildFile; fileRef = 65CDE7911CAE812D00D2C0FD /* BNCServerInterface.h */; };
		65CDE7E41CAE812D00D2C0FD /* BNCServerInterface.m in Sources */ = {isa = PBXBuildFile; fileRef = 65CDE7921CAE812D00D2C0FD /* BNCServerInterface.m */; };
		65CDE7E51CAE812D00D2C0FD /* BNCServerRequestQueue.h in Headers */ = {isa = PBXBuildFile; fileRef = 65CDE7931CAE812D00D2C0FD /* BNCServerRequestQueue.h */; };
		65CDE7E61CAE812D00D2C0FD /* BNCServerRequestQueue.m in Sources */ = {isa = PBXBuildFile; fileRef = 65CDE7941CAE812D00D2C0FD /* BNCServerRequestQueue.m */; };
		65CDE7E71CAE812D00D2C0FD /* BNCServerResponse.h in Headers */ = {isa = PBXBuildFile; fileRef = 65CDE7951CAE812D00D2C0FD /* BNCServerResponse.h */; };
		65CDE7E81CAE812D00D2C0FD /* BNCServerResponse.m in Sources */ = {isa = PBXBuildFile; fileRef = 65CDE7961CAE812D00D2C0FD /* BNCServerResponse.m */; };
		65CDE7E91CAE812D00D2C0FD /* BNCStrongMatchHelper.h in Headers */ = {isa = PBXBuildFile; fileRef = 65CDE7971CAE812D00D2C0FD /* BNCStrongMatchHelper.h */; };
		65CDE7EA1CAE812D00D2C0FD /* BNCStrongMatchHelper.m in Sources */ = {isa = PBXBuildFile; fileRef = 65CDE7981CAE812D00D2C0FD /* BNCStrongMatchHelper.m */; };
		65CDE7EB1CAE812D00D2C0FD /* BNCSystemObserver.h in Headers */ = {isa = PBXBuildFile; fileRef = 65CDE7991CAE812D00D2C0FD /* BNCSystemObserver.h */; };
		65CDE7EC1CAE812D00D2C0FD /* BNCSystemObserver.m in Sources */ = {isa = PBXBuildFile; fileRef = 65CDE79A1CAE812D00D2C0FD /* BNCSystemObserver.m */; };
		65CDE7ED1CAE812D00D2C0FD /* Branch-SDK-Prefix.pch in Headers */ = {isa = PBXBuildFile; fileRef = 65CDE79B1CAE812D00D2C0FD /* Branch-SDK-Prefix.pch */; };
		65CDE7EE1CAE812D00D2C0FD /* Branch.h in Headers */ = {isa = PBXBuildFile; fileRef = 65CDE79C1CAE812D00D2C0FD /* Branch.h */; };
		65CDE7EF1CAE812D00D2C0FD /* Branch.m in Sources */ = {isa = PBXBuildFile; fileRef = 65CDE79D1CAE812D00D2C0FD /* Branch.m */; };
		65CDE7F01CAE812D00D2C0FD /* BranchActivityItemProvider.h in Headers */ = {isa = PBXBuildFile; fileRef = 65CDE79E1CAE812D00D2C0FD /* BranchActivityItemProvider.h */; };
		65CDE7F11CAE812D00D2C0FD /* BranchActivityItemProvider.m in Sources */ = {isa = PBXBuildFile; fileRef = 65CDE79F1CAE812D00D2C0FD /* BranchActivityItemProvider.m */; };
		65CDE7F21CAE812D00D2C0FD /* BranchConstants.h in Headers */ = {isa = PBXBuildFile; fileRef = 65CDE7A01CAE812D00D2C0FD /* BranchConstants.h */; };
		65CDE7F31CAE812E00D2C0FD /* BranchConstants.m in Sources */ = {isa = PBXBuildFile; fileRef = 65CDE7A11CAE812D00D2C0FD /* BranchConstants.m */; };
		65CDE7F41CAE812E00D2C0FD /* BranchCSSearchableItemAttributeSet.h in Headers */ = {isa = PBXBuildFile; fileRef = 65CDE7A21CAE812D00D2C0FD /* BranchCSSearchableItemAttributeSet.h */; };
		65CDE7F51CAE812E00D2C0FD /* BranchCSSearchableItemAttributeSet.m in Sources */ = {isa = PBXBuildFile; fileRef = 65CDE7A31CAE812D00D2C0FD /* BranchCSSearchableItemAttributeSet.m */; };
		65CDE7F61CAE812E00D2C0FD /* BranchDeepLinkingController.h in Headers */ = {isa = PBXBuildFile; fileRef = 65CDE7A41CAE812D00D2C0FD /* BranchDeepLinkingController.h */; };
		65CDE7F71CAE812E00D2C0FD /* BranchLinkProperties.h in Headers */ = {isa = PBXBuildFile; fileRef = 65CDE7A51CAE812D00D2C0FD /* BranchLinkProperties.h */; };
		65CDE7F81CAE812E00D2C0FD /* BranchLinkProperties.m in Sources */ = {isa = PBXBuildFile; fileRef = 65CDE7A61CAE812D00D2C0FD /* BranchLinkProperties.m */; };
		65CDE7F91CAE812E00D2C0FD /* BranchSDK.h in Headers */ = {isa = PBXBuildFile; fileRef = 65CDE7A71CAE812D00D2C0FD /* BranchSDK.h */; };
		65CDE7FA1CAE812E00D2C0FD /* BranchUniversalObject.h in Headers */ = {isa = PBXBuildFile; fileRef = 65CDE7A81CAE812D00D2C0FD /* BranchUniversalObject.h */; };
		65CDE7FB1CAE812E00D2C0FD /* BranchUniversalObject.m in Sources */ = {isa = PBXBuildFile; fileRef = 65CDE7A91CAE812D00D2C0FD /* BranchUniversalObject.m */; };
		65CDE7FC1CAE812E00D2C0FD /* BranchView.h in Headers */ = {isa = PBXBuildFile; fileRef = 65CDE7AA1CAE812D00D2C0FD /* BranchView.h */; };
		65CDE7FD1CAE812E00D2C0FD /* BranchView.m in Sources */ = {isa = PBXBuildFile; fileRef = 65CDE7AB1CAE812D00D2C0FD /* BranchView.m */; };
		65CDE7FE1CAE812E00D2C0FD /* BranchViewHandler.h in Headers */ = {isa = PBXBuildFile; fileRef = 65CDE7AC1CAE812D00D2C0FD /* BranchViewHandler.h */; };
		65CDE7FF1CAE812E00D2C0FD /* BranchViewHandler.m in Sources */ = {isa = PBXBuildFile; fileRef = 65CDE7AD1CAE812D00D2C0FD /* BranchViewHandler.m */; };
		65CDE8001CAE812E00D2C0FD /* BNCServerRequest.h in Headers */ = {isa = PBXBuildFile; fileRef = 65CDE7AF1CAE812D00D2C0FD /* BNCServerRequest.h */; };
		65CDE8011CAE812E00D2C0FD /* BNCServerRequest.m in Sources */ = {isa = PBXBuildFile; fileRef = 65CDE7B01CAE812D00D2C0FD /* BNCServerRequest.m */; };
		65CDE8021CAE812E00D2C0FD /* BranchApplyPromoCodeRequest.h in Headers */ = {isa = PBXBuildFile; fileRef = 65CDE7B11CAE812D00D2C0FD /* BranchApplyPromoCodeRequest.h */; };
		65CDE8031CAE812F00D2C0FD /* BranchApplyPromoCodeRequest.m in Sources */ = {isa = PBXBuildFile; fileRef = 65CDE7B21CAE812D00D2C0FD /* BranchApplyPromoCodeRequest.m */; };
		65CDE8041CAE812F00D2C0FD /* BranchCloseRequest.h in Headers */ = {isa = PBXBuildFile; fileRef = 65CDE7B31CAE812D00D2C0FD /* BranchCloseRequest.h */; };
		65CDE8051CAE812F00D2C0FD /* BranchCloseRequest.m in Sources */ = {isa = PBXBuildFile; fileRef = 65CDE7B41CAE812D00D2C0FD /* BranchCloseRequest.m */; };
		65CDE8061CAE812F00D2C0FD /* BranchCreditHistoryRequest.h in Headers */ = {isa = PBXBuildFile; fileRef = 65CDE7B51CAE812D00D2C0FD /* BranchCreditHistoryRequest.h */; };
		65CDE8071CAE812F00D2C0FD /* BranchCreditHistoryRequest.m in Sources */ = {isa = PBXBuildFile; fileRef = 65CDE7B61CAE812D00D2C0FD /* BranchCreditHistoryRequest.m */; };
		65CDE8081CAE812F00D2C0FD /* BranchGetPromoCodeRequest.h in Headers */ = {isa = PBXBuildFile; fileRef = 65CDE7B71CAE812D00D2C0FD /* BranchGetPromoCodeRequest.h */; };
		65CDE8091CAE812F00D2C0FD /* BranchGetPromoCodeRequest.m in Sources */ = {isa = PBXBuildFile; fileRef = 65CDE7B81CAE812D00D2C0FD /* BranchGetPromoCodeRequest.m */; };
		65CDE80A1CAE812F00D2C0FD /* BranchInstallRequest.h in Headers */ = {isa = PBXBuildFile; fileRef = 65CDE7B91CAE812D00D2C0FD /* BranchInstallRequest.h */; };
		65CDE80B1CAE812F00D2C0FD /* BranchInstallRequest.m in Sources */ = {isa = PBXBuildFile; fileRef = 65CDE7BA1CAE812D00D2C0FD /* BranchInstallRequest.m */; };
		65CDE80C1CAE812F00D2C0FD /* BranchLoadActionsRequest.h in Headers */ = {isa = PBXBuildFile; fileRef = 65CDE7BB1CAE812D00D2C0FD /* BranchLoadActionsRequest.h */; };
		65CDE80D1CAE812F00D2C0FD /* BranchLoadActionsRequest.m in Sources */ = {isa = PBXBuildFile; fileRef = 65CDE7BC1CAE812D00D2C0FD /* BranchLoadActionsRequest.m */; };
		65CDE80E1CAE812F00D2C0FD /* BranchLoadRewardsRequest.h in Headers */ = {isa = PBXBuildFile; fileRef = 65CDE7BD1CAE812D00D2C0FD /* BranchLoadRewardsRequest.h */; };
		65CDE80F1CAE813000D2C0FD /* BranchLoadRewardsRequest.m in Sources */ = {isa = PBXBuildFile; fileRef = 65CDE7BE1CAE812D00D2C0FD /* BranchLoadRewardsRequest.m */; };
		65CDE8101CAE813000D2C0FD /* BranchLogoutRequest.h in Headers */ = {isa = PBXBuildFile; fileRef = 65CDE7BF1CAE812D00D2C0FD /* BranchLogoutRequest.h */; };
		65CDE8111CAE813000D2C0FD /* BranchLogoutRequest.m in Sources */ = {isa = PBXBuildFile; fileRef = 65CDE7C01CAE812D00D2C0FD /* BranchLogoutRequest.m */; };
		65CDE8121CAE813000D2C0FD /* BranchOpenRequest.h in Headers */ = {isa = PBXBuildFile; fileRef = 65CDE7C11CAE812D00D2C0FD /* BranchOpenRequest.h */; };
		65CDE8131CAE813000D2C0FD /* BranchOpenRequest.m in Sources */ = {isa = PBXBuildFile; fileRef = 65CDE7C21CAE812D00D2C0FD /* BranchOpenRequest.m */; };
		65CDE8141CAE813000D2C0FD /* BranchRedeemRewardsRequest.h in Headers */ = {isa = PBXBuildFile; fileRef = 65CDE7C31CAE812D00D2C0FD /* BranchRedeemRewardsRequest.h */; };
		65CDE8151CAE813000D2C0FD /* BranchRedeemRewardsRequest.m in Sources */ = {isa = PBXBuildFile; fileRef = 65CDE7C41CAE812D00D2C0FD /* BranchRedeemRewardsRequest.m */; };
		65CDE8161CAE813000D2C0FD /* BranchRegisterViewRequest.h in Headers */ = {isa = PBXBuildFile; fileRef = 65CDE7C51CAE812D00D2C0FD /* BranchRegisterViewRequest.h */; };
		65CDE8171CAE813000D2C0FD /* BranchRegisterViewRequest.m in Sources */ = {isa = PBXBuildFile; fileRef = 65CDE7C61CAE812D00D2C0FD /* BranchRegisterViewRequest.m */; };
		65CDE8181CAE813100D2C0FD /* BranchSetIdentityRequest.h in Headers */ = {isa = PBXBuildFile; fileRef = 65CDE7C71CAE812D00D2C0FD /* BranchSetIdentityRequest.h */; };
		65CDE8191CAE813100D2C0FD /* BranchSetIdentityRequest.m in Sources */ = {isa = PBXBuildFile; fileRef = 65CDE7C81CAE812D00D2C0FD /* BranchSetIdentityRequest.m */; };
		65CDE81A1CAE813100D2C0FD /* BranchShortUrlRequest.h in Headers */ = {isa = PBXBuildFile; fileRef = 65CDE7C91CAE812D00D2C0FD /* BranchShortUrlRequest.h */; };
		65CDE81B1CAE813100D2C0FD /* BranchShortUrlRequest.m in Sources */ = {isa = PBXBuildFile; fileRef = 65CDE7CA1CAE812D00D2C0FD /* BranchShortUrlRequest.m */; };
		65CDE81C1CAE813100D2C0FD /* BranchShortUrlSyncRequest.h in Headers */ = {isa = PBXBuildFile; fileRef = 65CDE7CB1CAE812D00D2C0FD /* BranchShortUrlSyncRequest.h */; };
		65CDE81D1CAE813100D2C0FD /* BranchShortUrlSyncRequest.m in Sources */ = {isa = PBXBuildFile; fileRef = 65CDE7CC1CAE812D00D2C0FD /* BranchShortUrlSyncRequest.m */; };
		65CDE81E1CAE813100D2C0FD /* BranchSpotlightUrlRequest.h in Headers */ = {isa = PBXBuildFile; fileRef = 65CDE7CD1CAE812D00D2C0FD /* BranchSpotlightUrlRequest.h */; };
		65CDE81F1CAE813100D2C0FD /* BranchSpotlightUrlRequest.m in Sources */ = {isa = PBXBuildFile; fileRef = 65CDE7CE1CAE812D00D2C0FD /* BranchSpotlightUrlRequest.m */; };
		65CDE8201CAE813100D2C0FD /* BranchUserCompletedActionRequest.h in Headers */ = {isa = PBXBuildFile; fileRef = 65CDE7CF1CAE812D00D2C0FD /* BranchUserCompletedActionRequest.h */; };
		65CDE8211CAE813200D2C0FD /* BranchUserCompletedActionRequest.m in Sources */ = {isa = PBXBuildFile; fileRef = 65CDE7D01CAE812D00D2C0FD /* BranchUserCompletedActionRequest.m */; };
		65CDE8221CAE813200D2C0FD /* BranchValidatePromoCodeRequest.h in Headers */ = {isa = PBXBuildFile; fileRef = 65CDE7D11CAE812D00D2C0FD /* BranchValidatePromoCodeRequest.h */; };
		65CDE8231CAE813200D2C0FD /* BranchValidatePromoCodeRequest.m in Sources */ = {isa = PBXBuildFile; fileRef = 65CDE7D21CAE812D00D2C0FD /* BranchValidatePromoCodeRequest.m */; };
		65CDE8241CAE813200D2C0FD /* PromoViewHandler.h in Headers */ = {isa = PBXBuildFile; fileRef = 65CDE7D31CAE812D00D2C0FD /* PromoViewHandler.h */; };
		AA747D9F0F9514B9006C5449 /* IoBranchSdk_Prefix.pch in Headers */ = {isa = PBXBuildFile; fileRef = AA747D9E0F9514B9006C5449 /* IoBranchSdk_Prefix.pch */; };
		AACBBE4A0F95108600F1A2B1 /* Foundation.framework in Frameworks */ = {isa = PBXBuildFile; fileRef = AACBBE490F95108600F1A2B1 /* Foundation.framework */; };
		D60359871C067C1600ACC6C5 /* IoBranchSdkBranchUniversalObjectProxy.h in Headers */ = {isa = PBXBuildFile; fileRef = D60359851C067C1600ACC6C5 /* IoBranchSdkBranchUniversalObjectProxy.h */; };
		D60359881C067C1600ACC6C5 /* IoBranchSdkBranchUniversalObjectProxy.m in Sources */ = {isa = PBXBuildFile; fileRef = D60359861C067C1600ACC6C5 /* IoBranchSdkBranchUniversalObjectProxy.m */; };
		D6DC185D1C1F99EE0054E63C /* JRSwizzle.h in Headers */ = {isa = PBXBuildFile; fileRef = D6DC185B1C1F99EE0054E63C /* JRSwizzle.h */; };
		D6DC185E1C1F99EE0054E63C /* JRSwizzle.m in Sources */ = {isa = PBXBuildFile; fileRef = D6DC185C1C1F99EE0054E63C /* JRSwizzle.m */; };
/* End PBXBuildFile section */

/* Begin PBXContainerItemProxy section */
		24416B8411C4CA280047AFDD /* PBXContainerItemProxy */ = {
			isa = PBXContainerItemProxy;
			containerPortal = 0867D690FE84028FC02AAC07 /* Project object */;
			proxyType = 1;
			remoteGlobalIDString = D2AAC07D0554694100DB518D;
			remoteInfo = "Titanium-Deferred-Deep-Linking-SDK";
		};
/* End PBXContainerItemProxy section */

/* Begin PBXFileReference section */
		24DD6CF71134B3F500162E58 /* IoBranchSdkModule.h */ = {isa = PBXFileReference; fileEncoding = 4; lastKnownFileType = sourcecode.c.h; name = IoBranchSdkModule.h; path = Classes/IoBranchSdkModule.h; sourceTree = "<group>"; };
		24DD6CF81134B3F500162E58 /* IoBranchSdkModule.m */ = {isa = PBXFileReference; fileEncoding = 4; lastKnownFileType = sourcecode.c.objc; name = IoBranchSdkModule.m; path = Classes/IoBranchSdkModule.m; sourceTree = "<group>"; };
		24DD6D1B1134B66800162E58 /* titanium.xcconfig */ = {isa = PBXFileReference; fileEncoding = 4; lastKnownFileType = text.xcconfig; path = titanium.xcconfig; sourceTree = "<group>"; };
		24DE9E0F11C5FE74003F90F6 /* IoBranchSdkModuleAssets.h */ = {isa = PBXFileReference; fileEncoding = 4; lastKnownFileType = sourcecode.c.h; name = IoBranchSdkModuleAssets.h; path = Classes/IoBranchSdkModuleAssets.h; sourceTree = "<group>"; };
		24DE9E1011C5FE74003F90F6 /* IoBranchSdkModuleAssets.m */ = {isa = PBXFileReference; fileEncoding = 4; lastKnownFileType = sourcecode.c.objc; name = IoBranchSdkModuleAssets.m; path = Classes/IoBranchSdkModuleAssets.m; sourceTree = "<group>"; };
		659F9BEE1CAE7E5B0043E199 /* FABAttributes.h */ = {isa = PBXFileReference; fileEncoding = 4; lastKnownFileType = sourcecode.c.h; path = FABAttributes.h; sourceTree = "<group>"; };
		659F9BEF1CAE7E5B0043E199 /* FABKitProtocol.h */ = {isa = PBXFileReference; fileEncoding = 4; lastKnownFileType = sourcecode.c.h; path = FABKitProtocol.h; sourceTree = "<group>"; };
		659F9BF01CAE7E5B0043E199 /* Fabric+FABKits.h */ = {isa = PBXFileReference; fileEncoding = 4; lastKnownFileType = sourcecode.c.h; path = "Fabric+FABKits.h"; sourceTree = "<group>"; };
		659F9BF11CAE7E5B0043E199 /* Fabric.h */ = {isa = PBXFileReference; fileEncoding = 4; lastKnownFileType = sourcecode.c.h; path = Fabric.h; sourceTree = "<group>"; };
		65CDE7821CAE812D00D2C0FD /* BNCConfig.h */ = {isa = PBXFileReference; fileEncoding = 4; lastKnownFileType = sourcecode.c.h; path = BNCConfig.h; sourceTree = "<group>"; };
		65CDE7831CAE812D00D2C0FD /* BNCContentDiscoveryManager.h */ = {isa = PBXFileReference; fileEncoding = 4; lastKnownFileType = sourcecode.c.h; path = BNCContentDiscoveryManager.h; sourceTree = "<group>"; };
		65CDE7841CAE812D00D2C0FD /* BNCContentDiscoveryManager.m */ = {isa = PBXFileReference; fileEncoding = 4; lastKnownFileType = sourcecode.c.objc; path = BNCContentDiscoveryManager.m; sourceTree = "<group>"; };
		65CDE7851CAE812D00D2C0FD /* BNCDeviceInfo.h */ = {isa = PBXFileReference; fileEncoding = 4; lastKnownFileType = sourcecode.c.h; path = BNCDeviceInfo.h; sourceTree = "<group>"; };
		65CDE7861CAE812D00D2C0FD /* BNCDeviceInfo.m */ = {isa = PBXFileReference; fileEncoding = 4; lastKnownFileType = sourcecode.c.objc; path = BNCDeviceInfo.m; sourceTree = "<group>"; };
		65CDE7871CAE812D00D2C0FD /* BNCEncodingUtils.h */ = {isa = PBXFileReference; fileEncoding = 4; lastKnownFileType = sourcecode.c.h; path = BNCEncodingUtils.h; sourceTree = "<group>"; };
		65CDE7881CAE812D00D2C0FD /* BNCEncodingUtils.m */ = {isa = PBXFileReference; fileEncoding = 4; lastKnownFileType = sourcecode.c.objc; path = BNCEncodingUtils.m; sourceTree = "<group>"; };
		65CDE7891CAE812D00D2C0FD /* BNCError.h */ = {isa = PBXFileReference; fileEncoding = 4; lastKnownFileType = sourcecode.c.h; path = BNCError.h; sourceTree = "<group>"; };
		65CDE78A1CAE812D00D2C0FD /* BNCError.m */ = {isa = PBXFileReference; fileEncoding = 4; lastKnownFileType = sourcecode.c.objc; path = BNCError.m; sourceTree = "<group>"; };
		65CDE78B1CAE812D00D2C0FD /* BNCLinkCache.h */ = {isa = PBXFileReference; fileEncoding = 4; lastKnownFileType = sourcecode.c.h; path = BNCLinkCache.h; sourceTree = "<group>"; };
		65CDE78C1CAE812D00D2C0FD /* BNCLinkCache.m */ = {isa = PBXFileReference; fileEncoding = 4; lastKnownFileType = sourcecode.c.objc; path = BNCLinkCache.m; sourceTree = "<group>"; };
		65CDE78D1CAE812D00D2C0FD /* BNCLinkData.h */ = {isa = PBXFileReference; fileEncoding = 4; lastKnownFileType = sourcecode.c.h; path = BNCLinkData.h; sourceTree = "<group>"; };
		65CDE78E1CAE812D00D2C0FD /* BNCLinkData.m */ = {isa = PBXFileReference; fileEncoding = 4; lastKnownFileType = sourcecode.c.objc; path = BNCLinkData.m; sourceTree = "<group>"; };
		65CDE78F1CAE812D00D2C0FD /* BNCPreferenceHelper.h */ = {isa = PBXFileReference; fileEncoding = 4; lastKnownFileType = sourcecode.c.h; path = BNCPreferenceHelper.h; sourceTree = "<group>"; };
		65CDE7901CAE812D00D2C0FD /* BNCPreferenceHelper.m */ = {isa = PBXFileReference; fileEncoding = 4; lastKnownFileType = sourcecode.c.objc; path = BNCPreferenceHelper.m; sourceTree = "<group>"; };
		65CDE7911CAE812D00D2C0FD /* BNCServerInterface.h */ = {isa = PBXFileReference; fileEncoding = 4; lastKnownFileType = sourcecode.c.h; path = BNCServerInterface.h; sourceTree = "<group>"; };
		65CDE7921CAE812D00D2C0FD /* BNCServerInterface.m */ = {isa = PBXFileReference; fileEncoding = 4; lastKnownFileType = sourcecode.c.objc; path = BNCServerInterface.m; sourceTree = "<group>"; };
		65CDE7931CAE812D00D2C0FD /* BNCServerRequestQueue.h */ = {isa = PBXFileReference; fileEncoding = 4; lastKnownFileType = sourcecode.c.h; path = BNCServerRequestQueue.h; sourceTree = "<group>"; };
		65CDE7941CAE812D00D2C0FD /* BNCServerRequestQueue.m */ = {isa = PBXFileReference; fileEncoding = 4; lastKnownFileType = sourcecode.c.objc; path = BNCServerRequestQueue.m; sourceTree = "<group>"; };
		65CDE7951CAE812D00D2C0FD /* BNCServerResponse.h */ = {isa = PBXFileReference; fileEncoding = 4; lastKnownFileType = sourcecode.c.h; path = BNCServerResponse.h; sourceTree = "<group>"; };
		65CDE7961CAE812D00D2C0FD /* BNCServerResponse.m */ = {isa = PBXFileReference; fileEncoding = 4; lastKnownFileType = sourcecode.c.objc; path = BNCServerResponse.m; sourceTree = "<group>"; };
		65CDE7971CAE812D00D2C0FD /* BNCStrongMatchHelper.h */ = {isa = PBXFileReference; fileEncoding = 4; lastKnownFileType = sourcecode.c.h; path = BNCStrongMatchHelper.h; sourceTree = "<group>"; };
		65CDE7981CAE812D00D2C0FD /* BNCStrongMatchHelper.m */ = {isa = PBXFileReference; fileEncoding = 4; lastKnownFileType = sourcecode.c.objc; path = BNCStrongMatchHelper.m; sourceTree = "<group>"; };
		65CDE7991CAE812D00D2C0FD /* BNCSystemObserver.h */ = {isa = PBXFileReference; fileEncoding = 4; lastKnownFileType = sourcecode.c.h; path = BNCSystemObserver.h; sourceTree = "<group>"; };
		65CDE79A1CAE812D00D2C0FD /* BNCSystemObserver.m */ = {isa = PBXFileReference; fileEncoding = 4; lastKnownFileType = sourcecode.c.objc; path = BNCSystemObserver.m; sourceTree = "<group>"; };
		65CDE79B1CAE812D00D2C0FD /* Branch-SDK-Prefix.pch */ = {isa = PBXFileReference; fileEncoding = 4; lastKnownFileType = sourcecode.c.h; path = "Branch-SDK-Prefix.pch"; sourceTree = "<group>"; };
		65CDE79C1CAE812D00D2C0FD /* Branch.h */ = {isa = PBXFileReference; fileEncoding = 4; lastKnownFileType = sourcecode.c.h; path = Branch.h; sourceTree = "<group>"; };
		65CDE79D1CAE812D00D2C0FD /* Branch.m */ = {isa = PBXFileReference; fileEncoding = 4; lastKnownFileType = sourcecode.c.objc; path = Branch.m; sourceTree = "<group>"; };
		65CDE79E1CAE812D00D2C0FD /* BranchActivityItemProvider.h */ = {isa = PBXFileReference; fileEncoding = 4; lastKnownFileType = sourcecode.c.h; path = BranchActivityItemProvider.h; sourceTree = "<group>"; };
		65CDE79F1CAE812D00D2C0FD /* BranchActivityItemProvider.m */ = {isa = PBXFileReference; fileEncoding = 4; lastKnownFileType = sourcecode.c.objc; path = BranchActivityItemProvider.m; sourceTree = "<group>"; };
		65CDE7A01CAE812D00D2C0FD /* BranchConstants.h */ = {isa = PBXFileReference; fileEncoding = 4; lastKnownFileType = sourcecode.c.h; path = BranchConstants.h; sourceTree = "<group>"; };
		65CDE7A11CAE812D00D2C0FD /* BranchConstants.m */ = {isa = PBXFileReference; fileEncoding = 4; lastKnownFileType = sourcecode.c.objc; path = BranchConstants.m; sourceTree = "<group>"; };
		65CDE7A21CAE812D00D2C0FD /* BranchCSSearchableItemAttributeSet.h */ = {isa = PBXFileReference; fileEncoding = 4; lastKnownFileType = sourcecode.c.h; path = BranchCSSearchableItemAttributeSet.h; sourceTree = "<group>"; };
		65CDE7A31CAE812D00D2C0FD /* BranchCSSearchableItemAttributeSet.m */ = {isa = PBXFileReference; fileEncoding = 4; lastKnownFileType = sourcecode.c.objc; path = BranchCSSearchableItemAttributeSet.m; sourceTree = "<group>"; };
		65CDE7A41CAE812D00D2C0FD /* BranchDeepLinkingController.h */ = {isa = PBXFileReference; fileEncoding = 4; lastKnownFileType = sourcecode.c.h; path = BranchDeepLinkingController.h; sourceTree = "<group>"; };
		65CDE7A51CAE812D00D2C0FD /* BranchLinkProperties.h */ = {isa = PBXFileReference; fileEncoding = 4; lastKnownFileType = sourcecode.c.h; path = BranchLinkProperties.h; sourceTree = "<group>"; };
		65CDE7A61CAE812D00D2C0FD /* BranchLinkProperties.m */ = {isa = PBXFileReference; fileEncoding = 4; lastKnownFileType = sourcecode.c.objc; path = BranchLinkProperties.m; sourceTree = "<group>"; };
		65CDE7A71CAE812D00D2C0FD /* BranchSDK.h */ = {isa = PBXFileReference; fileEncoding = 4; lastKnownFileType = sourcecode.c.h; path = BranchSDK.h; sourceTree = "<group>"; };
		65CDE7A81CAE812D00D2C0FD /* BranchUniversalObject.h */ = {isa = PBXFileReference; fileEncoding = 4; lastKnownFileType = sourcecode.c.h; path = BranchUniversalObject.h; sourceTree = "<group>"; };
		65CDE7A91CAE812D00D2C0FD /* BranchUniversalObject.m */ = {isa = PBXFileReference; fileEncoding = 4; lastKnownFileType = sourcecode.c.objc; path = BranchUniversalObject.m; sourceTree = "<group>"; };
		65CDE7AA1CAE812D00D2C0FD /* BranchView.h */ = {isa = PBXFileReference; fileEncoding = 4; lastKnownFileType = sourcecode.c.h; path = BranchView.h; sourceTree = "<group>"; };
		65CDE7AB1CAE812D00D2C0FD /* BranchView.m */ = {isa = PBXFileReference; fileEncoding = 4; lastKnownFileType = sourcecode.c.objc; path = BranchView.m; sourceTree = "<group>"; };
		65CDE7AC1CAE812D00D2C0FD /* BranchViewHandler.h */ = {isa = PBXFileReference; fileEncoding = 4; lastKnownFileType = sourcecode.c.h; path = BranchViewHandler.h; sourceTree = "<group>"; };
		65CDE7AD1CAE812D00D2C0FD /* BranchViewHandler.m */ = {isa = PBXFileReference; fileEncoding = 4; lastKnownFileType = sourcecode.c.objc; path = BranchViewHandler.m; sourceTree = "<group>"; };
		65CDE7AF1CAE812D00D2C0FD /* BNCServerRequest.h */ = {isa = PBXFileReference; fileEncoding = 4; lastKnownFileType = sourcecode.c.h; path = BNCServerRequest.h; sourceTree = "<group>"; };
		65CDE7B01CAE812D00D2C0FD /* BNCServerRequest.m */ = {isa = PBXFileReference; fileEncoding = 4; lastKnownFileType = sourcecode.c.objc; path = BNCServerRequest.m; sourceTree = "<group>"; };
		65CDE7B11CAE812D00D2C0FD /* BranchApplyPromoCodeRequest.h */ = {isa = PBXFileReference; fileEncoding = 4; lastKnownFileType = sourcecode.c.h; path = BranchApplyPromoCodeRequest.h; sourceTree = "<group>"; };
		65CDE7B21CAE812D00D2C0FD /* BranchApplyPromoCodeRequest.m */ = {isa = PBXFileReference; fileEncoding = 4; lastKnownFileType = sourcecode.c.objc; path = BranchApplyPromoCodeRequest.m; sourceTree = "<group>"; };
		65CDE7B31CAE812D00D2C0FD /* BranchCloseRequest.h */ = {isa = PBXFileReference; fileEncoding = 4; lastKnownFileType = sourcecode.c.h; path = BranchCloseRequest.h; sourceTree = "<group>"; };
		65CDE7B41CAE812D00D2C0FD /* BranchCloseRequest.m */ = {isa = PBXFileReference; fileEncoding = 4; lastKnownFileType = sourcecode.c.objc; path = BranchCloseRequest.m; sourceTree = "<group>"; };
		65CDE7B51CAE812D00D2C0FD /* BranchCreditHistoryRequest.h */ = {isa = PBXFileReference; fileEncoding = 4; lastKnownFileType = sourcecode.c.h; path = BranchCreditHistoryRequest.h; sourceTree = "<group>"; };
		65CDE7B61CAE812D00D2C0FD /* BranchCreditHistoryRequest.m */ = {isa = PBXFileReference; fileEncoding = 4; lastKnownFileType = sourcecode.c.objc; path = BranchCreditHistoryRequest.m; sourceTree = "<group>"; };
		65CDE7B71CAE812D00D2C0FD /* BranchGetPromoCodeRequest.h */ = {isa = PBXFileReference; fileEncoding = 4; lastKnownFileType = sourcecode.c.h; path = BranchGetPromoCodeRequest.h; sourceTree = "<group>"; };
		65CDE7B81CAE812D00D2C0FD /* BranchGetPromoCodeRequest.m */ = {isa = PBXFileReference; fileEncoding = 4; lastKnownFileType = sourcecode.c.objc; path = BranchGetPromoCodeRequest.m; sourceTree = "<group>"; };
		65CDE7B91CAE812D00D2C0FD /* BranchInstallRequest.h */ = {isa = PBXFileReference; fileEncoding = 4; lastKnownFileType = sourcecode.c.h; path = BranchInstallRequest.h; sourceTree = "<group>"; };
		65CDE7BA1CAE812D00D2C0FD /* BranchInstallRequest.m */ = {isa = PBXFileReference; fileEncoding = 4; lastKnownFileType = sourcecode.c.objc; path = BranchInstallRequest.m; sourceTree = "<group>"; };
		65CDE7BB1CAE812D00D2C0FD /* BranchLoadActionsRequest.h */ = {isa = PBXFileReference; fileEncoding = 4; lastKnownFileType = sourcecode.c.h; path = BranchLoadActionsRequest.h; sourceTree = "<group>"; };
		65CDE7BC1CAE812D00D2C0FD /* BranchLoadActionsRequest.m */ = {isa = PBXFileReference; fileEncoding = 4; lastKnownFileType = sourcecode.c.objc; path = BranchLoadActionsRequest.m; sourceTree = "<group>"; };
		65CDE7BD1CAE812D00D2C0FD /* BranchLoadRewardsRequest.h */ = {isa = PBXFileReference; fileEncoding = 4; lastKnownFileType = sourcecode.c.h; path = BranchLoadRewardsRequest.h; sourceTree = "<group>"; };
		65CDE7BE1CAE812D00D2C0FD /* BranchLoadRewardsRequest.m */ = {isa = PBXFileReference; fileEncoding = 4; lastKnownFileType = sourcecode.c.objc; path = BranchLoadRewardsRequest.m; sourceTree = "<group>"; };
		65CDE7BF1CAE812D00D2C0FD /* BranchLogoutRequest.h */ = {isa = PBXFileReference; fileEncoding = 4; lastKnownFileType = sourcecode.c.h; path = BranchLogoutRequest.h; sourceTree = "<group>"; };
		65CDE7C01CAE812D00D2C0FD /* BranchLogoutRequest.m */ = {isa = PBXFileReference; fileEncoding = 4; lastKnownFileType = sourcecode.c.objc; path = BranchLogoutRequest.m; sourceTree = "<group>"; };
		65CDE7C11CAE812D00D2C0FD /* BranchOpenRequest.h */ = {isa = PBXFileReference; fileEncoding = 4; lastKnownFileType = sourcecode.c.h; path = BranchOpenRequest.h; sourceTree = "<group>"; };
		65CDE7C21CAE812D00D2C0FD /* BranchOpenRequest.m */ = {isa = PBXFileReference; fileEncoding = 4; lastKnownFileType = sourcecode.c.objc; path = BranchOpenRequest.m; sourceTree = "<group>"; };
		65CDE7C31CAE812D00D2C0FD /* BranchRedeemRewardsRequest.h */ = {isa = PBXFileReference; fileEncoding = 4; lastKnownFileType = sourcecode.c.h; path = BranchRedeemRewardsRequest.h; sourceTree = "<group>"; };
		65CDE7C41CAE812D00D2C0FD /* BranchRedeemRewardsRequest.m */ = {isa = PBXFileReference; fileEncoding = 4; lastKnownFileType = sourcecode.c.objc; path = BranchRedeemRewardsRequest.m; sourceTree = "<group>"; };
		65CDE7C51CAE812D00D2C0FD /* BranchRegisterViewRequest.h */ = {isa = PBXFileReference; fileEncoding = 4; lastKnownFileType = sourcecode.c.h; path = BranchRegisterViewRequest.h; sourceTree = "<group>"; };
		65CDE7C61CAE812D00D2C0FD /* BranchRegisterViewRequest.m */ = {isa = PBXFileReference; fileEncoding = 4; lastKnownFileType = sourcecode.c.objc; path = BranchRegisterViewRequest.m; sourceTree = "<group>"; };
		65CDE7C71CAE812D00D2C0FD /* BranchSetIdentityRequest.h */ = {isa = PBXFileReference; fileEncoding = 4; lastKnownFileType = sourcecode.c.h; path = BranchSetIdentityRequest.h; sourceTree = "<group>"; };
		65CDE7C81CAE812D00D2C0FD /* BranchSetIdentityRequest.m */ = {isa = PBXFileReference; fileEncoding = 4; lastKnownFileType = sourcecode.c.objc; path = BranchSetIdentityRequest.m; sourceTree = "<group>"; };
		65CDE7C91CAE812D00D2C0FD /* BranchShortUrlRequest.h */ = {isa = PBXFileReference; fileEncoding = 4; lastKnownFileType = sourcecode.c.h; path = BranchShortUrlRequest.h; sourceTree = "<group>"; };
		65CDE7CA1CAE812D00D2C0FD /* BranchShortUrlRequest.m */ = {isa = PBXFileReference; fileEncoding = 4; lastKnownFileType = sourcecode.c.objc; path = BranchShortUrlRequest.m; sourceTree = "<group>"; };
		65CDE7CB1CAE812D00D2C0FD /* BranchShortUrlSyncRequest.h */ = {isa = PBXFileReference; fileEncoding = 4; lastKnownFileType = sourcecode.c.h; path = BranchShortUrlSyncRequest.h; sourceTree = "<group>"; };
		65CDE7CC1CAE812D00D2C0FD /* BranchShortUrlSyncRequest.m */ = {isa = PBXFileReference; fileEncoding = 4; lastKnownFileType = sourcecode.c.objc; path = BranchShortUrlSyncRequest.m; sourceTree = "<group>"; };
		65CDE7CD1CAE812D00D2C0FD /* BranchSpotlightUrlRequest.h */ = {isa = PBXFileReference; fileEncoding = 4; lastKnownFileType = sourcecode.c.h; path = BranchSpotlightUrlRequest.h; sourceTree = "<group>"; };
		65CDE7CE1CAE812D00D2C0FD /* BranchSpotlightUrlRequest.m */ = {isa = PBXFileReference; fileEncoding = 4; lastKnownFileType = sourcecode.c.objc; path = BranchSpotlightUrlRequest.m; sourceTree = "<group>"; };
		65CDE7CF1CAE812D00D2C0FD /* BranchUserCompletedActionRequest.h */ = {isa = PBXFileReference; fileEncoding = 4; lastKnownFileType = sourcecode.c.h; path = BranchUserCompletedActionRequest.h; sourceTree = "<group>"; };
		65CDE7D01CAE812D00D2C0FD /* BranchUserCompletedActionRequest.m */ = {isa = PBXFileReference; fileEncoding = 4; lastKnownFileType = sourcecode.c.objc; path = BranchUserCompletedActionRequest.m; sourceTree = "<group>"; };
		65CDE7D11CAE812D00D2C0FD /* BranchValidatePromoCodeRequest.h */ = {isa = PBXFileReference; fileEncoding = 4; lastKnownFileType = sourcecode.c.h; path = BranchValidatePromoCodeRequest.h; sourceTree = "<group>"; };
		65CDE7D21CAE812D00D2C0FD /* BranchValidatePromoCodeRequest.m */ = {isa = PBXFileReference; fileEncoding = 4; lastKnownFileType = sourcecode.c.objc; path = BranchValidatePromoCodeRequest.m; sourceTree = "<group>"; };
		65CDE7D31CAE812D00D2C0FD /* PromoViewHandler.h */ = {isa = PBXFileReference; fileEncoding = 4; lastKnownFileType = sourcecode.c.h; path = PromoViewHandler.h; sourceTree = "<group>"; };
		AA747D9E0F9514B9006C5449 /* IoBranchSdk_Prefix.pch */ = {isa = PBXFileReference; fileEncoding = 4; lastKnownFileType = sourcecode.c.h; path = IoBranchSdk_Prefix.pch; sourceTree = SOURCE_ROOT; };
		AACBBE490F95108600F1A2B1 /* Foundation.framework */ = {isa = PBXFileReference; lastKnownFileType = wrapper.framework; name = Foundation.framework; path = System/Library/Frameworks/Foundation.framework; sourceTree = SDKROOT; };
		D2AAC07E0554694100DB518D /* libIoBranchSdk.a */ = {isa = PBXFileReference; explicitFileType = archive.ar; includeInIndex = 0; path = libIoBranchSdk.a; sourceTree = BUILT_PRODUCTS_DIR; };
		D60359851C067C1600ACC6C5 /* IoBranchSdkBranchUniversalObjectProxy.h */ = {isa = PBXFileReference; fileEncoding = 4; lastKnownFileType = sourcecode.c.h; name = IoBranchSdkBranchUniversalObjectProxy.h; path = Classes/IoBranchSdkBranchUniversalObjectProxy.h; sourceTree = "<group>"; };
		D60359861C067C1600ACC6C5 /* IoBranchSdkBranchUniversalObjectProxy.m */ = {isa = PBXFileReference; fileEncoding = 4; lastKnownFileType = sourcecode.c.objc; name = IoBranchSdkBranchUniversalObjectProxy.m; path = Classes/IoBranchSdkBranchUniversalObjectProxy.m; sourceTree = "<group>"; };
		D6DC185B1C1F99EE0054E63C /* JRSwizzle.h */ = {isa = PBXFileReference; fileEncoding = 4; lastKnownFileType = sourcecode.c.h; name = JRSwizzle.h; path = Classes/JRSwizzle/JRSwizzle.h; sourceTree = "<group>"; };
		D6DC185C1C1F99EE0054E63C /* JRSwizzle.m */ = {isa = PBXFileReference; fileEncoding = 4; lastKnownFileType = sourcecode.c.objc; name = JRSwizzle.m; path = Classes/JRSwizzle/JRSwizzle.m; sourceTree = "<group>"; };
/* End PBXFileReference section */

/* Begin PBXFrameworksBuildPhase section */
		D2AAC07C0554694100DB518D /* Frameworks */ = {
			isa = PBXFrameworksBuildPhase;
			buildActionMask = 2147483647;
			files = (
				AACBBE4A0F95108600F1A2B1 /* Foundation.framework in Frameworks */,
			);
			runOnlyForDeploymentPostprocessing = 0;
		};
/* End PBXFrameworksBuildPhase section */

/* Begin PBXGroup section */
		034768DFFF38A50411DB9C8B /* Products */ = {
			isa = PBXGroup;
			children = (
				D2AAC07E0554694100DB518D /* libIoBranchSdk.a */,
			);
			name = Products;
			sourceTree = "<group>";
		};
		0867D691FE84028FC02AAC07 /* Titanium-Deferred-Deep-Linking-SDK */ = {
			isa = PBXGroup;
			children = (
				08FB77AEFE84172EC02AAC07 /* Classes */,
				32C88DFF0371C24200C91783 /* Other Sources */,
				0867D69AFE84028FC02AAC07 /* Frameworks */,
				034768DFFF38A50411DB9C8B /* Products */,
			);
			name = "Titanium-Deferred-Deep-Linking-SDK";
			sourceTree = "<group>";
		};
		0867D69AFE84028FC02AAC07 /* Frameworks */ = {
			isa = PBXGroup;
			children = (
				AACBBE490F95108600F1A2B1 /* Foundation.framework */,
			);
			name = Frameworks;
			sourceTree = "<group>";
		};
		08FB77AEFE84172EC02AAC07 /* Classes */ = {
			isa = PBXGroup;
			children = (
				65CDE7811CAE812D00D2C0FD /* Branch-SDK */,
				659F9BED1CAE7E5B0043E199 /* Fabric */,
				D6DC185A1C1F99970054E63C /* JRSwizzle */,
				24DE9E0F11C5FE74003F90F6 /* IoBranchSdkModuleAssets.h */,
				24DE9E1011C5FE74003F90F6 /* IoBranchSdkModuleAssets.m */,
				24DD6CF71134B3F500162E58 /* IoBranchSdkModule.h */,
				24DD6CF81134B3F500162E58 /* IoBranchSdkModule.m */,
				D60359851C067C1600ACC6C5 /* IoBranchSdkBranchUniversalObjectProxy.h */,
				D60359861C067C1600ACC6C5 /* IoBranchSdkBranchUniversalObjectProxy.m */,
			);
			name = Classes;
			sourceTree = "<group>";
		};
		32C88DFF0371C24200C91783 /* Other Sources */ = {
			isa = PBXGroup;
			children = (
				AA747D9E0F9514B9006C5449 /* IoBranchSdk_Prefix.pch */,
				24DD6D1B1134B66800162E58 /* titanium.xcconfig */,
			);
			name = "Other Sources";
			sourceTree = "<group>";
		};
		659F9BED1CAE7E5B0043E199 /* Fabric */ = {
			isa = PBXGroup;
			children = (
				659F9BEE1CAE7E5B0043E199 /* FABAttributes.h */,
				659F9BEF1CAE7E5B0043E199 /* FABKitProtocol.h */,
				659F9BF01CAE7E5B0043E199 /* Fabric+FABKits.h */,
				659F9BF11CAE7E5B0043E199 /* Fabric.h */,
			);
			name = Fabric;
			path = "../../iOS-Deferred-Deep-Linking-SDK/Branch-SDK/Fabric";
			sourceTree = "<group>";
		};
		65CDE7811CAE812D00D2C0FD /* Branch-SDK */ = {
			isa = PBXGroup;
			children = (
				65CDE7821CAE812D00D2C0FD /* BNCConfig.h */,
				65CDE7831CAE812D00D2C0FD /* BNCContentDiscoveryManager.h */,
				65CDE7841CAE812D00D2C0FD /* BNCContentDiscoveryManager.m */,
				65CDE7851CAE812D00D2C0FD /* BNCDeviceInfo.h */,
				65CDE7861CAE812D00D2C0FD /* BNCDeviceInfo.m */,
				65CDE7871CAE812D00D2C0FD /* BNCEncodingUtils.h */,
				65CDE7881CAE812D00D2C0FD /* BNCEncodingUtils.m */,
				65CDE7891CAE812D00D2C0FD /* BNCError.h */,
				65CDE78A1CAE812D00D2C0FD /* BNCError.m */,
				65CDE78B1CAE812D00D2C0FD /* BNCLinkCache.h */,
				65CDE78C1CAE812D00D2C0FD /* BNCLinkCache.m */,
				65CDE78D1CAE812D00D2C0FD /* BNCLinkData.h */,
				65CDE78E1CAE812D00D2C0FD /* BNCLinkData.m */,
				65CDE78F1CAE812D00D2C0FD /* BNCPreferenceHelper.h */,
				65CDE7901CAE812D00D2C0FD /* BNCPreferenceHelper.m */,
				65CDE7911CAE812D00D2C0FD /* BNCServerInterface.h */,
				65CDE7921CAE812D00D2C0FD /* BNCServerInterface.m */,
				65CDE7931CAE812D00D2C0FD /* BNCServerRequestQueue.h */,
				65CDE7941CAE812D00D2C0FD /* BNCServerRequestQueue.m */,
				65CDE7951CAE812D00D2C0FD /* BNCServerResponse.h */,
				65CDE7961CAE812D00D2C0FD /* BNCServerResponse.m */,
				65CDE7971CAE812D00D2C0FD /* BNCStrongMatchHelper.h */,
				65CDE7981CAE812D00D2C0FD /* BNCStrongMatchHelper.m */,
				65CDE7991CAE812D00D2C0FD /* BNCSystemObserver.h */,
				65CDE79A1CAE812D00D2C0FD /* BNCSystemObserver.m */,
				65CDE79B1CAE812D00D2C0FD /* Branch-SDK-Prefix.pch */,
				65CDE79C1CAE812D00D2C0FD /* Branch.h */,
				65CDE79D1CAE812D00D2C0FD /* Branch.m */,
				65CDE79E1CAE812D00D2C0FD /* BranchActivityItemProvider.h */,
				65CDE79F1CAE812D00D2C0FD /* BranchActivityItemProvider.m */,
				65CDE7A01CAE812D00D2C0FD /* BranchConstants.h */,
				65CDE7A11CAE812D00D2C0FD /* BranchConstants.m */,
				65CDE7A21CAE812D00D2C0FD /* BranchCSSearchableItemAttributeSet.h */,
				65CDE7A31CAE812D00D2C0FD /* BranchCSSearchableItemAttributeSet.m */,
				65CDE7A41CAE812D00D2C0FD /* BranchDeepLinkingController.h */,
				65CDE7A51CAE812D00D2C0FD /* BranchLinkProperties.h */,
				65CDE7A61CAE812D00D2C0FD /* BranchLinkProperties.m */,
				65CDE7A71CAE812D00D2C0FD /* BranchSDK.h */,
				65CDE7A81CAE812D00D2C0FD /* BranchUniversalObject.h */,
				65CDE7A91CAE812D00D2C0FD /* BranchUniversalObject.m */,
				65CDE7AA1CAE812D00D2C0FD /* BranchView.h */,
				65CDE7AB1CAE812D00D2C0FD /* BranchView.m */,
				65CDE7AC1CAE812D00D2C0FD /* BranchViewHandler.h */,
				65CDE7AD1CAE812D00D2C0FD /* BranchViewHandler.m */,
				65CDE7AE1CAE812D00D2C0FD /* Requests */,
			);
			name = "Branch-SDK";
			path = "Classes/Branch-SDK";
			sourceTree = "<group>";
		};
		65CDE7AE1CAE812D00D2C0FD /* Requests */ = {
			isa = PBXGroup;
			children = (
				65CDE7AF1CAE812D00D2C0FD /* BNCServerRequest.h */,
				65CDE7B01CAE812D00D2C0FD /* BNCServerRequest.m */,
				65CDE7B11CAE812D00D2C0FD /* BranchApplyPromoCodeRequest.h */,
				65CDE7B21CAE812D00D2C0FD /* BranchApplyPromoCodeRequest.m */,
				65CDE7B31CAE812D00D2C0FD /* BranchCloseRequest.h */,
				65CDE7B41CAE812D00D2C0FD /* BranchCloseRequest.m */,
				65CDE7B51CAE812D00D2C0FD /* BranchCreditHistoryRequest.h */,
				65CDE7B61CAE812D00D2C0FD /* BranchCreditHistoryRequest.m */,
				65CDE7B71CAE812D00D2C0FD /* BranchGetPromoCodeRequest.h */,
				65CDE7B81CAE812D00D2C0FD /* BranchGetPromoCodeRequest.m */,
				65CDE7B91CAE812D00D2C0FD /* BranchInstallRequest.h */,
				65CDE7BA1CAE812D00D2C0FD /* BranchInstallRequest.m */,
				65CDE7BB1CAE812D00D2C0FD /* BranchLoadActionsRequest.h */,
				65CDE7BC1CAE812D00D2C0FD /* BranchLoadActionsRequest.m */,
				65CDE7BD1CAE812D00D2C0FD /* BranchLoadRewardsRequest.h */,
				65CDE7BE1CAE812D00D2C0FD /* BranchLoadRewardsRequest.m */,
				65CDE7BF1CAE812D00D2C0FD /* BranchLogoutRequest.h */,
				65CDE7C01CAE812D00D2C0FD /* BranchLogoutRequest.m */,
				65CDE7C11CAE812D00D2C0FD /* BranchOpenRequest.h */,
				65CDE7C21CAE812D00D2C0FD /* BranchOpenRequest.m */,
				65CDE7C31CAE812D00D2C0FD /* BranchRedeemRewardsRequest.h */,
				65CDE7C41CAE812D00D2C0FD /* BranchRedeemRewardsRequest.m */,
				65CDE7C51CAE812D00D2C0FD /* BranchRegisterViewRequest.h */,
				65CDE7C61CAE812D00D2C0FD /* BranchRegisterViewRequest.m */,
				65CDE7C71CAE812D00D2C0FD /* BranchSetIdentityRequest.h */,
				65CDE7C81CAE812D00D2C0FD /* BranchSetIdentityRequest.m */,
				65CDE7C91CAE812D00D2C0FD /* BranchShortUrlRequest.h */,
				65CDE7CA1CAE812D00D2C0FD /* BranchShortUrlRequest.m */,
				65CDE7CB1CAE812D00D2C0FD /* BranchShortUrlSyncRequest.h */,
				65CDE7CC1CAE812D00D2C0FD /* BranchShortUrlSyncRequest.m */,
				65CDE7CD1CAE812D00D2C0FD /* BranchSpotlightUrlRequest.h */,
				65CDE7CE1CAE812D00D2C0FD /* BranchSpotlightUrlRequest.m */,
				65CDE7CF1CAE812D00D2C0FD /* BranchUserCompletedActionRequest.h */,
				65CDE7D01CAE812D00D2C0FD /* BranchUserCompletedActionRequest.m */,
				65CDE7D11CAE812D00D2C0FD /* BranchValidatePromoCodeRequest.h */,
				65CDE7D21CAE812D00D2C0FD /* BranchValidatePromoCodeRequest.m */,
				65CDE7D31CAE812D00D2C0FD /* PromoViewHandler.h */,
			);
			path = Requests;
			sourceTree = "<group>";
		};
		D6DC185A1C1F99970054E63C /* JRSwizzle */ = {
			isa = PBXGroup;
			children = (
				D6DC185B1C1F99EE0054E63C /* JRSwizzle.h */,
				D6DC185C1C1F99EE0054E63C /* JRSwizzle.m */,
			);
			name = JRSwizzle;
			sourceTree = "<group>";
		};
/* End PBXGroup section */

/* Begin PBXHeadersBuildPhase section */
		D2AAC07A0554694100DB518D /* Headers */ = {
			isa = PBXHeadersBuildPhase;
			buildActionMask = 2147483647;
			files = (
				659F9BF51CAE7E5B0043E199 /* Fabric.h in Headers */,
				65CDE7FA1CAE812E00D2C0FD /* BranchUniversalObject.h in Headers */,
				65CDE7F71CAE812E00D2C0FD /* BranchLinkProperties.h in Headers */,
				65CDE8181CAE813100D2C0FD /* BranchSetIdentityRequest.h in Headers */,
				65CDE8041CAE812F00D2C0FD /* BranchCloseRequest.h in Headers */,
				65CDE8001CAE812E00D2C0FD /* BNCServerRequest.h in Headers */,
				65CDE7ED1CAE812D00D2C0FD /* Branch-SDK-Prefix.pch in Headers */,
				659F9BF21CAE7E5B0043E199 /* FABAttributes.h in Headers */,
				65CDE7E71CAE812D00D2C0FD /* BNCServerResponse.h in Headers */,
				65CDE8161CAE813000D2C0FD /* BranchRegisterViewRequest.h in Headers */,
				D6DC185D1C1F99EE0054E63C /* JRSwizzle.h in Headers */,
				65CDE80A1CAE812F00D2C0FD /* BranchInstallRequest.h in Headers */,
				65CDE81A1CAE813100D2C0FD /* BranchShortUrlRequest.h in Headers */,
				65CDE7FE1CAE812E00D2C0FD /* BranchViewHandler.h in Headers */,
				65CDE7E51CAE812D00D2C0FD /* BNCServerRequestQueue.h in Headers */,
				AA747D9F0F9514B9006C5449 /* IoBranchSdk_Prefix.pch in Headers */,
				65CDE7D71CAE812D00D2C0FD /* BNCDeviceInfo.h in Headers */,
				65CDE8101CAE813000D2C0FD /* BranchLogoutRequest.h in Headers */,
				65CDE7E31CAE812D00D2C0FD /* BNCServerInterface.h in Headers */,
				65CDE7FC1CAE812E00D2C0FD /* BranchView.h in Headers */,
				65CDE80C1CAE812F00D2C0FD /* BranchLoadActionsRequest.h in Headers */,
				659F9BF31CAE7E5B0043E199 /* FABKitProtocol.h in Headers */,
				65CDE7F41CAE812E00D2C0FD /* BranchCSSearchableItemAttributeSet.h in Headers */,
				65CDE8201CAE813100D2C0FD /* BranchUserCompletedActionRequest.h in Headers */,
				24DD6CF91134B3F500162E58 /* IoBranchSdkModule.h in Headers */,
				65CDE8221CAE813200D2C0FD /* BranchValidatePromoCodeRequest.h in Headers */,
				65CDE81C1CAE813100D2C0FD /* BranchShortUrlSyncRequest.h in Headers */,
				65CDE7E11CAE812D00D2C0FD /* BNCPreferenceHelper.h in Headers */,
				65CDE7F01CAE812D00D2C0FD /* BranchActivityItemProvider.h in Headers */,
				65CDE8021CAE812E00D2C0FD /* BranchApplyPromoCodeRequest.h in Headers */,
				65CDE7D41CAE812D00D2C0FD /* BNCConfig.h in Headers */,
				D60359871C067C1600ACC6C5 /* IoBranchSdkBranchUniversalObjectProxy.h in Headers */,
				65CDE80E1CAE812F00D2C0FD /* BranchLoadRewardsRequest.h in Headers */,
				65CDE7DD1CAE812D00D2C0FD /* BNCLinkCache.h in Headers */,
				65CDE7F21CAE812D00D2C0FD /* BranchConstants.h in Headers */,
				24DE9E1111C5FE74003F90F6 /* IoBranchSdkModuleAssets.h in Headers */,
				65CDE7EB1CAE812D00D2C0FD /* BNCSystemObserver.h in Headers */,
				65CDE8141CAE813000D2C0FD /* BranchRedeemRewardsRequest.h in Headers */,
				65CDE8061CAE812F00D2C0FD /* BranchCreditHistoryRequest.h in Headers */,
				65CDE7D51CAE812D00D2C0FD /* BNCContentDiscoveryManager.h in Headers */,
				659F9BF41CAE7E5B0043E199 /* Fabric+FABKits.h in Headers */,
				65CDE7D91CAE812D00D2C0FD /* BNCEncodingUtils.h in Headers */,
				65CDE7F61CAE812E00D2C0FD /* BranchDeepLinkingController.h in Headers */,
				65CDE7F91CAE812E00D2C0FD /* BranchSDK.h in Headers */,
				65CDE7EE1CAE812D00D2C0FD /* Branch.h in Headers */,
				65CDE8081CAE812F00D2C0FD /* BranchGetPromoCodeRequest.h in Headers */,
				65CDE8241CAE813200D2C0FD /* PromoViewHandler.h in Headers */,
				65CDE7DF1CAE812D00D2C0FD /* BNCLinkData.h in Headers */,
				65CDE8121CAE813000D2C0FD /* BranchOpenRequest.h in Headers */,
				65CDE7E91CAE812D00D2C0FD /* BNCStrongMatchHelper.h in Headers */,
				65CDE7DB1CAE812D00D2C0FD /* BNCError.h in Headers */,
				65CDE81E1CAE813100D2C0FD /* BranchSpotlightUrlRequest.h in Headers */,
			);
			runOnlyForDeploymentPostprocessing = 0;
		};
/* End PBXHeadersBuildPhase section */

/* Begin PBXNativeTarget section */
		D2AAC07D0554694100DB518D /* Titanium-Deferred-Deep-Linking-SDK */ = {
			isa = PBXNativeTarget;
			buildConfigurationList = 1DEB921E08733DC00010E9CD /* Build configuration list for PBXNativeTarget "Titanium-Deferred-Deep-Linking-SDK" */;
			buildPhases = (
				D2AAC07A0554694100DB518D /* Headers */,
				D2AAC07B0554694100DB518D /* Sources */,
				D2AAC07C0554694100DB518D /* Frameworks */,
			);
			buildRules = (
			);
			dependencies = (
			);
			name = "Titanium-Deferred-Deep-Linking-SDK";
			productName = "Titanium-Deferred-Deep-Linking-SDK";
			productReference = D2AAC07E0554694100DB518D /* libIoBranchSdk.a */;
			productType = "com.apple.product-type.library.static";
		};
/* End PBXNativeTarget section */

/* Begin PBXProject section */
		0867D690FE84028FC02AAC07 /* Project object */ = {
			isa = PBXProject;
			attributes = {
				LastUpgradeCheck = 0700;
			};
			buildConfigurationList = 1DEB922208733DC00010E9CD /* Build configuration list for PBXProject "Titanium-Deferred-Deep-Linking-SDK" */;
			compatibilityVersion = "Xcode 3.2";
			developmentRegion = English;
			hasScannedForEncodings = 1;
			knownRegions = (
				English,
				Japanese,
				French,
				German,
			);
			mainGroup = 0867D691FE84028FC02AAC07 /* Titanium-Deferred-Deep-Linking-SDK */;
			productRefGroup = 034768DFFF38A50411DB9C8B /* Products */;
			projectDirPath = "";
			projectRoot = "";
			targets = (
				D2AAC07D0554694100DB518D /* Titanium-Deferred-Deep-Linking-SDK */,
				24416B8111C4CA220047AFDD /* Build & Test */,
			);
		};
/* End PBXProject section */

/* Begin PBXShellScriptBuildPhase section */
		24416B8011C4CA220047AFDD /* ShellScript */ = {
			isa = PBXShellScriptBuildPhase;
			buildActionMask = 2147483647;
			files = (
			);
			inputPaths = (
			);
			outputPaths = (
			);
			runOnlyForDeploymentPostprocessing = 0;
			shellPath = /bin/sh;
			shellScript = "# shell script goes here\n\npython \"${TITANIUM_SDK}/titanium.py\" run --dir=\"${PROJECT_DIR}\"\nexit $?\n";
		};
/* End PBXShellScriptBuildPhase section */

/* Begin PBXSourcesBuildPhase section */
		D2AAC07B0554694100DB518D /* Sources */ = {
			isa = PBXSourcesBuildPhase;
			buildActionMask = 2147483647;
			files = (
				65CDE7F51CAE812E00D2C0FD /* BranchCSSearchableItemAttributeSet.m in Sources */,
				65CDE8051CAE812F00D2C0FD /* BranchCloseRequest.m in Sources */,
				D6DC185E1C1F99EE0054E63C /* JRSwizzle.m in Sources */,
				65CDE8071CAE812F00D2C0FD /* BranchCreditHistoryRequest.m in Sources */,
				65CDE80F1CAE813000D2C0FD /* BranchLoadRewardsRequest.m in Sources */,
				65CDE7E01CAE812D00D2C0FD /* BNCLinkData.m in Sources */,
				65CDE7DA1CAE812D00D2C0FD /* BNCEncodingUtils.m in Sources */,
				65CDE80D1CAE812F00D2C0FD /* BranchLoadActionsRequest.m in Sources */,
				65CDE7E21CAE812D00D2C0FD /* BNCPreferenceHelper.m in Sources */,
				65CDE8151CAE813000D2C0FD /* BranchRedeemRewardsRequest.m in Sources */,
				65CDE7DC1CAE812D00D2C0FD /* BNCError.m in Sources */,
				65CDE7E61CAE812D00D2C0FD /* BNCServerRequestQueue.m in Sources */,
				65CDE7F11CAE812D00D2C0FD /* BranchActivityItemProvider.m in Sources */,
				65CDE7D81CAE812D00D2C0FD /* BNCDeviceInfo.m in Sources */,
				65CDE8031CAE812F00D2C0FD /* BranchApplyPromoCodeRequest.m in Sources */,
				65CDE7EF1CAE812D00D2C0FD /* Branch.m in Sources */,
				65CDE7E41CAE812D00D2C0FD /* BNCServerInterface.m in Sources */,
				65CDE8171CAE813000D2C0FD /* BranchRegisterViewRequest.m in Sources */,
				65CDE81D1CAE813100D2C0FD /* BranchShortUrlSyncRequest.m in Sources */,
				65CDE7DE1CAE812D00D2C0FD /* BNCLinkCache.m in Sources */,
				65CDE8231CAE813200D2C0FD /* BranchValidatePromoCodeRequest.m in Sources */,
				65CDE8191CAE813100D2C0FD /* BranchSetIdentityRequest.m in Sources */,
				65CDE7E81CAE812D00D2C0FD /* BNCServerResponse.m in Sources */,
				65CDE7FF1CAE812E00D2C0FD /* BranchViewHandler.m in Sources */,
				65CDE7FD1CAE812E00D2C0FD /* BranchView.m in Sources */,
				D60359881C067C1600ACC6C5 /* IoBranchSdkBranchUniversalObjectProxy.m in Sources */,
				65CDE81B1CAE813100D2C0FD /* BranchShortUrlRequest.m in Sources */,
				65CDE80B1CAE812F00D2C0FD /* BranchInstallRequest.m in Sources */,
				24DD6CFA1134B3F500162E58 /* IoBranchSdkModule.m in Sources */,
				65CDE7F81CAE812E00D2C0FD /* BranchLinkProperties.m in Sources */,
				24DE9E1211C5FE74003F90F6 /* IoBranchSdkModuleAssets.m in Sources */,
				65CDE81F1CAE813100D2C0FD /* BranchSpotlightUrlRequest.m in Sources */,
				65CDE8011CAE812E00D2C0FD /* BNCServerRequest.m in Sources */,
				65CDE8091CAE812F00D2C0FD /* BranchGetPromoCodeRequest.m in Sources */,
				65CDE7D61CAE812D00D2C0FD /* BNCContentDiscoveryManager.m in Sources */,
				65CDE7FB1CAE812E00D2C0FD /* BranchUniversalObject.m in Sources */,
				65CDE8211CAE813200D2C0FD /* BranchUserCompletedActionRequest.m in Sources */,
				65CDE8111CAE813000D2C0FD /* BranchLogoutRequest.m in Sources */,
				65CDE7EC1CAE812D00D2C0FD /* BNCSystemObserver.m in Sources */,
				65CDE8131CAE813000D2C0FD /* BranchOpenRequest.m in Sources */,
				65CDE7F31CAE812E00D2C0FD /* BranchConstants.m in Sources */,
				65CDE7EA1CAE812D00D2C0FD /* BNCStrongMatchHelper.m in Sources */,
			);
			runOnlyForDeploymentPostprocessing = 0;
		};
/* End PBXSourcesBuildPhase section */

/* Begin PBXTargetDependency section */
		24416B8511C4CA280047AFDD /* PBXTargetDependency */ = {
			isa = PBXTargetDependency;
			target = D2AAC07D0554694100DB518D /* Titanium-Deferred-Deep-Linking-SDK */;
			targetProxy = 24416B8411C4CA280047AFDD /* PBXContainerItemProxy */;
		};
/* End PBXTargetDependency section */

/* Begin XCBuildConfiguration section */
		1DEB921F08733DC00010E9CD /* Debug */ = {
			isa = XCBuildConfiguration;
			baseConfigurationReference = 24DD6D1B1134B66800162E58 /* titanium.xcconfig */;
			buildSettings = {
				CLANG_ENABLE_OBJC_ARC = YES;
				CODE_SIGN_IDENTITY = "iPhone Developer";
				"CODE_SIGN_IDENTITY[sdk=iphoneos*]" = "iPhone Developer";
				DSTROOT = /tmp/IoBranchSdk.dst;
				GCC_C_LANGUAGE_STANDARD = c99;
				GCC_OPTIMIZATION_LEVEL = 0;
				GCC_PRECOMPILE_PREFIX_HEADER = YES;
				GCC_PREFIX_HEADER = IoBranchSdk_Prefix.pch;
				GCC_PREPROCESSOR_DEFINITIONS = "TI_VERSION=$(TI_VERSION)";
				GCC_TREAT_WARNINGS_AS_ERRORS = NO;
				GCC_VERSION = "";
				GCC_WARN_ABOUT_RETURN_TYPE = NO;
				GCC_WARN_MISSING_PARENTHESES = NO;
				GCC_WARN_SHADOW = NO;
				GCC_WARN_STRICT_SELECTOR_MATCH = NO;
				GCC_WARN_UNUSED_FUNCTION = YES;
				GCC_WARN_UNUSED_PARAMETER = NO;
				GCC_WARN_UNUSED_VALUE = NO;
				GCC_WARN_UNUSED_VARIABLE = NO;
				INSTALL_PATH = /usr/local/lib;
				IPHONEOS_DEPLOYMENT_TARGET = 6.0;
				LIBRARY_SEARCH_PATHS = "";
				OTHER_CFLAGS = (
					"-DDEBUG",
					"-DTI_POST_1_2",
				);
				OTHER_LDFLAGS = "-ObjC";
				PRODUCT_NAME = IoBranchSdk;
				PROVISIONING_PROFILE = "";
				"PROVISIONING_PROFILE[sdk=iphoneos*]" = "";
				RUN_CLANG_STATIC_ANALYZER = NO;
				SDKROOT = iphoneos;
				USER_HEADER_SEARCH_PATHS = "";
			};
			name = Debug;
		};
		1DEB922008733DC00010E9CD /* Release */ = {
			isa = XCBuildConfiguration;
			baseConfigurationReference = 24DD6D1B1134B66800162E58 /* titanium.xcconfig */;
			buildSettings = {
				ALWAYS_SEARCH_USER_PATHS = NO;
				CLANG_ENABLE_OBJC_ARC = YES;
				DSTROOT = /tmp/IoBranchSdk.dst;
				GCC_C_LANGUAGE_STANDARD = c99;
				GCC_MODEL_TUNING = G5;
				GCC_PRECOMPILE_PREFIX_HEADER = YES;
				GCC_PREFIX_HEADER = IoBranchSdk_Prefix.pch;
				GCC_PREPROCESSOR_DEFINITIONS = "TI_VERSION=$(TI_VERSION)";
				GCC_TREAT_WARNINGS_AS_ERRORS = NO;
				GCC_VERSION = "";
				GCC_WARN_ABOUT_RETURN_TYPE = NO;
				GCC_WARN_MISSING_PARENTHESES = NO;
				GCC_WARN_SHADOW = NO;
				GCC_WARN_STRICT_SELECTOR_MATCH = NO;
				GCC_WARN_UNUSED_FUNCTION = YES;
				GCC_WARN_UNUSED_PARAMETER = NO;
				GCC_WARN_UNUSED_VALUE = NO;
				GCC_WARN_UNUSED_VARIABLE = NO;
				INSTALL_PATH = /usr/local/lib;
				IPHONEOS_DEPLOYMENT_TARGET = 6.0;
				LIBRARY_SEARCH_PATHS = "";
				OTHER_CFLAGS = "-DTI_POST_1_2";
				OTHER_LDFLAGS = "-ObjC";
				PRODUCT_NAME = IoBranchSdk;
				RUN_CLANG_STATIC_ANALYZER = NO;
				SDKROOT = iphoneos;
				USER_HEADER_SEARCH_PATHS = "";
			};
			name = Release;
		};
		1DEB922308733DC00010E9CD /* Debug */ = {
			isa = XCBuildConfiguration;
			baseConfigurationReference = 24DD6D1B1134B66800162E58 /* titanium.xcconfig */;
			buildSettings = {
				CLANG_CXX_LIBRARY = "libstdc++";
				CODE_SIGN_IDENTITY = "iPhone Developer";
				"CODE_SIGN_IDENTITY[sdk=iphoneos*]" = "iPhone Developer";
				DSTROOT = /tmp/IoBranchSdk.dst;
				ENABLE_TESTABILITY = YES;
				GCC_C_LANGUAGE_STANDARD = c99;
				GCC_OPTIMIZATION_LEVEL = 0;
				GCC_PRECOMPILE_PREFIX_HEADER = YES;
				GCC_PREFIX_HEADER = IoBranchSdk_Prefix.pch;
				GCC_PREPROCESSOR_DEFINITIONS = "TI_VERSION=$(TI_VERSION)";
				GCC_TREAT_WARNINGS_AS_ERRORS = NO;
				GCC_VERSION = "";
				GCC_WARN_ABOUT_RETURN_TYPE = NO;
				GCC_WARN_MISSING_PARENTHESES = NO;
				GCC_WARN_SHADOW = NO;
				GCC_WARN_STRICT_SELECTOR_MATCH = NO;
				GCC_WARN_UNUSED_FUNCTION = YES;
				GCC_WARN_UNUSED_PARAMETER = NO;
				GCC_WARN_UNUSED_VALUE = NO;
				GCC_WARN_UNUSED_VARIABLE = NO;
				INSTALL_PATH = /usr/local/lib;
				ONLY_ACTIVE_ARCH = YES;
				OTHER_CFLAGS = (
					"-DDEBUG",
					"-DTI_POST_1_2",
				);
				OTHER_LDFLAGS = "-ObjC";
				PRODUCT_NAME = IoBranchSdk;
				PROVISIONING_PROFILE = "";
				"PROVISIONING_PROFILE[sdk=iphoneos*]" = "";
				RUN_CLANG_STATIC_ANALYZER = NO;
				SDKROOT = iphoneos;
				USER_HEADER_SEARCH_PATHS = "";
			};
			name = Debug;
		};
		1DEB922408733DC00010E9CD /* Release */ = {
			isa = XCBuildConfiguration;
			baseConfigurationReference = 24DD6D1B1134B66800162E58 /* titanium.xcconfig */;
			buildSettings = {
				ALWAYS_SEARCH_USER_PATHS = NO;
				CLANG_CXX_LIBRARY = "libstdc++";
				DSTROOT = /tmp/IoBranchSdk.dst;
				GCC_C_LANGUAGE_STANDARD = c99;
				GCC_MODEL_TUNING = G5;
				GCC_PRECOMPILE_PREFIX_HEADER = YES;
				GCC_PREFIX_HEADER = IoBranchSdk_Prefix.pch;
				GCC_PREPROCESSOR_DEFINITIONS = "TI_VERSION=$(TI_VERSION)";
				GCC_TREAT_WARNINGS_AS_ERRORS = NO;
				GCC_VERSION = "";
				GCC_WARN_ABOUT_RETURN_TYPE = NO;
				GCC_WARN_MISSING_PARENTHESES = NO;
				GCC_WARN_SHADOW = NO;
				GCC_WARN_STRICT_SELECTOR_MATCH = NO;
				GCC_WARN_UNUSED_FUNCTION = YES;
				GCC_WARN_UNUSED_PARAMETER = NO;
				GCC_WARN_UNUSED_VALUE = NO;
				GCC_WARN_UNUSED_VARIABLE = NO;
				INSTALL_PATH = /usr/local/lib;
				IPHONEOS_DEPLOYMENT_TARGET = 6.0;
				OTHER_CFLAGS = "-DTI_POST_1_2";
				OTHER_LDFLAGS = "-ObjC";
				PRODUCT_NAME = IoBranchSdk;
				RUN_CLANG_STATIC_ANALYZER = NO;
				SDKROOT = iphoneos;
				USER_HEADER_SEARCH_PATHS = "";
			};
			name = Release;
		};
		24416B8211C4CA220047AFDD /* Debug */ = {
			isa = XCBuildConfiguration;
			baseConfigurationReference = 24DD6D1B1134B66800162E58 /* titanium.xcconfig */;
			buildSettings = {
				COPY_PHASE_STRIP = NO;
				GCC_DYNAMIC_NO_PIC = NO;
				GCC_OPTIMIZATION_LEVEL = 0;
				PRODUCT_NAME = "Build & test";
			};
			name = Debug;
		};
		24416B8311C4CA220047AFDD /* Release */ = {
			isa = XCBuildConfiguration;
			baseConfigurationReference = 24DD6D1B1134B66800162E58 /* titanium.xcconfig */;
			buildSettings = {
				COPY_PHASE_STRIP = YES;
				DEBUG_INFORMATION_FORMAT = "dwarf-with-dsym";
				GCC_ENABLE_FIX_AND_CONTINUE = NO;
				PRODUCT_NAME = "Build & test";
				ZERO_LINK = NO;
			};
			name = Release;
		};
/* End XCBuildConfiguration section */

/* Begin XCConfigurationList section */
		1DEB921E08733DC00010E9CD /* Build configuration list for PBXNativeTarget "Titanium-Deferred-Deep-Linking-SDK" */ = {
			isa = XCConfigurationList;
			buildConfigurations = (
				1DEB921F08733DC00010E9CD /* Debug */,
				1DEB922008733DC00010E9CD /* Release */,
			);
			defaultConfigurationIsVisible = 0;
			defaultConfigurationName = Release;
		};
		1DEB922208733DC00010E9CD /* Build configuration list for PBXProject "Titanium-Deferred-Deep-Linking-SDK" */ = {
			isa = XCConfigurationList;
			buildConfigurations = (
				1DEB922308733DC00010E9CD /* Debug */,
				1DEB922408733DC00010E9CD /* Release */,
			);
			defaultConfigurationIsVisible = 0;
			defaultConfigurationName = Release;
		};
		24416B8A11C4CA520047AFDD /* Build configuration list for PBXAggregateTarget "Build & Test" */ = {
			isa = XCConfigurationList;
			buildConfigurations = (
				24416B8211C4CA220047AFDD /* Debug */,
				24416B8311C4CA220047AFDD /* Release */,
			);
			defaultConfigurationIsVisible = 0;
			defaultConfigurationName = Release;
		};
/* End XCConfigurationList section */
	};
	rootObject = 0867D690FE84028FC02AAC07 /* Project object */;
}
