// !$*UTF8*$!
{
	archiveVersion = 1;
	classes = {
	};
	objectVersion = 46;
	objects = {

/* Begin PBXAggregateTarget section */
		24416B8111C4CA220047AFDD /* Build & Test */ = {
			isa = PBXAggregateTarget;
			buildConfigurationList = 24416B8A11C4CA520047AFDD /* Build configuration list for PBXAggregateTarget "Build & Test" */;
			buildPhases = (
				24416B8011C4CA220047AFDD /* ShellScript */,
			);
			dependencies = (
				24416B8511C4CA280047AFDD /* PBXTargetDependency */,
			);
			name = "Build & Test";
			productName = "Build & test";
		};
/* End PBXAggregateTarget section */

/* Begin PBXBuildFile section */
		1BEA68BA1E0A68DC0043856F /* BNCCallbacks.h in Headers */ = {isa = PBXBuildFile; fileRef = 1BEA68651E0A68DC0043856F /* BNCCallbacks.h */; };
		1BEA68BB1E0A68DC0043856F /* BNCConfig.h in Headers */ = {isa = PBXBuildFile; fileRef = 1BEA68661E0A68DC0043856F /* BNCConfig.h */; };
		1BEA68BC1E0A68DC0043856F /* BNCConfig.m in Sources */ = {isa = PBXBuildFile; fileRef = 1BEA68671E0A68DC0043856F /* BNCConfig.m */; };
		1BEA68BD1E0A68DC0043856F /* BNCContentDiscoveryManager.h in Headers */ = {isa = PBXBuildFile; fileRef = 1BEA68681E0A68DC0043856F /* BNCContentDiscoveryManager.h */; };
		1BEA68BE1E0A68DC0043856F /* BNCContentDiscoveryManager.m in Sources */ = {isa = PBXBuildFile; fileRef = 1BEA68691E0A68DC0043856F /* BNCContentDiscoveryManager.m */; };
		1BEA68BF1E0A68DC0043856F /* BNCDeviceInfo.h in Headers */ = {isa = PBXBuildFile; fileRef = 1BEA686A1E0A68DC0043856F /* BNCDeviceInfo.h */; };
		1BEA68C01E0A68DC0043856F /* BNCDeviceInfo.m in Sources */ = {isa = PBXBuildFile; fileRef = 1BEA686B1E0A68DC0043856F /* BNCDeviceInfo.m */; };
		1BEA68C11E0A68DC0043856F /* BNCEncodingUtils.h in Headers */ = {isa = PBXBuildFile; fileRef = 1BEA686C1E0A68DC0043856F /* BNCEncodingUtils.h */; };
		1BEA68C21E0A68DC0043856F /* BNCEncodingUtils.m in Sources */ = {isa = PBXBuildFile; fileRef = 1BEA686D1E0A68DC0043856F /* BNCEncodingUtils.m */; };
		1BEA68C31E0A68DC0043856F /* BNCError.h in Headers */ = {isa = PBXBuildFile; fileRef = 1BEA686E1E0A68DC0043856F /* BNCError.h */; };
		1BEA68C41E0A68DC0043856F /* BNCError.m in Sources */ = {isa = PBXBuildFile; fileRef = 1BEA686F1E0A68DC0043856F /* BNCError.m */; };
		1BEA68C51E0A68DC0043856F /* BNCFabricAnswers.h in Headers */ = {isa = PBXBuildFile; fileRef = 1BEA68701E0A68DC0043856F /* BNCFabricAnswers.h */; };
		1BEA68C61E0A68DC0043856F /* BNCFabricAnswers.m in Sources */ = {isa = PBXBuildFile; fileRef = 1BEA68711E0A68DC0043856F /* BNCFabricAnswers.m */; };
		1BEA68C71E0A68DC0043856F /* BNCLinkCache.h in Headers */ = {isa = PBXBuildFile; fileRef = 1BEA68721E0A68DC0043856F /* BNCLinkCache.h */; };
		1BEA68C81E0A68DC0043856F /* BNCLinkCache.m in Sources */ = {isa = PBXBuildFile; fileRef = 1BEA68731E0A68DC0043856F /* BNCLinkCache.m */; };
		1BEA68C91E0A68DC0043856F /* BNCLinkData.h in Headers */ = {isa = PBXBuildFile; fileRef = 1BEA68741E0A68DC0043856F /* BNCLinkData.h */; };
		1BEA68CA1E0A68DC0043856F /* BNCLinkData.m in Sources */ = {isa = PBXBuildFile; fileRef = 1BEA68751E0A68DC0043856F /* BNCLinkData.m */; };
		1BEA68CB1E0A68DC0043856F /* BNCPreferenceHelper.h in Headers */ = {isa = PBXBuildFile; fileRef = 1BEA68761E0A68DC0043856F /* BNCPreferenceHelper.h */; };
		1BEA68CC1E0A68DC0043856F /* BNCPreferenceHelper.m in Sources */ = {isa = PBXBuildFile; fileRef = 1BEA68771E0A68DC0043856F /* BNCPreferenceHelper.m */; };
		1BEA68D31E0A68DC0043856F /* BNCStrongMatchHelper.h in Headers */ = {isa = PBXBuildFile; fileRef = 1BEA687E1E0A68DC0043856F /* BNCStrongMatchHelper.h */; };
		1BEA68D41E0A68DC0043856F /* BNCStrongMatchHelper.m in Sources */ = {isa = PBXBuildFile; fileRef = 1BEA687F1E0A68DC0043856F /* BNCStrongMatchHelper.m */; };
		1BEA68D51E0A68DC0043856F /* BNCSystemObserver.h in Headers */ = {isa = PBXBuildFile; fileRef = 1BEA68801E0A68DC0043856F /* BNCSystemObserver.h */; };
		1BEA68D61E0A68DC0043856F /* BNCSystemObserver.m in Sources */ = {isa = PBXBuildFile; fileRef = 1BEA68811E0A68DC0043856F /* BNCSystemObserver.m */; };
		1BEA68D71E0A68DC0043856F /* BNCXcode7Support.h in Headers */ = {isa = PBXBuildFile; fileRef = 1BEA68821E0A68DC0043856F /* BNCXcode7Support.h */; };
		1BEA68D81E0A68DC0043856F /* BNCXcode7Support.m in Sources */ = {isa = PBXBuildFile; fileRef = 1BEA68831E0A68DC0043856F /* BNCXcode7Support.m */; };
		1BEA68D91E0A68DC0043856F /* Branch-SDK-Prefix.pch in Headers */ = {isa = PBXBuildFile; fileRef = 1BEA68841E0A68DC0043856F /* Branch-SDK-Prefix.pch */; };
		1BEA68DA1E0A68DC0043856F /* Branch.h in Headers */ = {isa = PBXBuildFile; fileRef = 1BEA68851E0A68DC0043856F /* Branch.h */; };
		1BEA68DB1E0A68DC0043856F /* Branch.m in Sources */ = {isa = PBXBuildFile; fileRef = 1BEA68861E0A68DC0043856F /* Branch.m */; };
		1BEA68DC1E0A68DC0043856F /* BranchActivityItemProvider.h in Headers */ = {isa = PBXBuildFile; fileRef = 1BEA68871E0A68DC0043856F /* BranchActivityItemProvider.h */; };
		1BEA68DD1E0A68DC0043856F /* BranchActivityItemProvider.m in Sources */ = {isa = PBXBuildFile; fileRef = 1BEA68881E0A68DC0043856F /* BranchActivityItemProvider.m */; };
		1BEA68DE1E0A68DC0043856F /* BranchConstants.h in Headers */ = {isa = PBXBuildFile; fileRef = 1BEA68891E0A68DC0043856F /* BranchConstants.h */; };
		1BEA68DF1E0A68DC0043856F /* BranchConstants.m in Sources */ = {isa = PBXBuildFile; fileRef = 1BEA688A1E0A68DC0043856F /* BranchConstants.m */; };
		1BEA68E01E0A68DC0043856F /* BranchContentDiscoverer.h in Headers */ = {isa = PBXBuildFile; fileRef = 1BEA688B1E0A68DC0043856F /* BranchContentDiscoverer.h */; };
		1BEA68E11E0A68DC0043856F /* BranchContentDiscoverer.m in Sources */ = {isa = PBXBuildFile; fileRef = 1BEA688C1E0A68DC0043856F /* BranchContentDiscoverer.m */; };
		1BEA68E21E0A68DC0043856F /* BranchContentDiscoveryManifest.h in Headers */ = {isa = PBXBuildFile; fileRef = 1BEA688D1E0A68DC0043856F /* BranchContentDiscoveryManifest.h */; };
		1BEA68E31E0A68DC0043856F /* BranchContentDiscoveryManifest.m in Sources */ = {isa = PBXBuildFile; fileRef = 1BEA688E1E0A68DC0043856F /* BranchContentDiscoveryManifest.m */; };
		1BEA68E41E0A68DC0043856F /* BranchContentPathProperties.h in Headers */ = {isa = PBXBuildFile; fileRef = 1BEA688F1E0A68DC0043856F /* BranchContentPathProperties.h */; };
		1BEA68E51E0A68DC0043856F /* BranchContentPathProperties.m in Sources */ = {isa = PBXBuildFile; fileRef = 1BEA68901E0A68DC0043856F /* BranchContentPathProperties.m */; };
		1BEA68E61E0A68DC0043856F /* BranchCSSearchableItemAttributeSet.h in Headers */ = {isa = PBXBuildFile; fileRef = 1BEA68911E0A68DC0043856F /* BranchCSSearchableItemAttributeSet.h */; };
		1BEA68E71E0A68DC0043856F /* BranchCSSearchableItemAttributeSet.m in Sources */ = {isa = PBXBuildFile; fileRef = 1BEA68921E0A68DC0043856F /* BranchCSSearchableItemAttributeSet.m */; };
		1BEA68E81E0A68DC0043856F /* BranchDeepLinkingController.h in Headers */ = {isa = PBXBuildFile; fileRef = 1BEA68931E0A68DC0043856F /* BranchDeepLinkingController.h */; };
		1BEA68E91E0A68DC0043856F /* BranchLinkProperties.h in Headers */ = {isa = PBXBuildFile; fileRef = 1BEA68941E0A68DC0043856F /* BranchLinkProperties.h */; };
		1BEA68EA1E0A68DC0043856F /* BranchLinkProperties.m in Sources */ = {isa = PBXBuildFile; fileRef = 1BEA68951E0A68DC0043856F /* BranchLinkProperties.m */; };
		1BEA68EB1E0A68DC0043856F /* BranchUniversalObject.h in Headers */ = {isa = PBXBuildFile; fileRef = 1BEA68961E0A68DC0043856F /* BranchUniversalObject.h */; };
		1BEA68EC1E0A68DC0043856F /* BranchUniversalObject.m in Sources */ = {isa = PBXBuildFile; fileRef = 1BEA68971E0A68DC0043856F /* BranchUniversalObject.m */; };
		1BEA68ED1E0A68DC0043856F /* BranchView.h in Headers */ = {isa = PBXBuildFile; fileRef = 1BEA68981E0A68DC0043856F /* BranchView.h */; };
		1BEA68EE1E0A68DC0043856F /* BranchView.m in Sources */ = {isa = PBXBuildFile; fileRef = 1BEA68991E0A68DC0043856F /* BranchView.m */; };
		1BEA68EF1E0A68DC0043856F /* BranchViewHandler.h in Headers */ = {isa = PBXBuildFile; fileRef = 1BEA689A1E0A68DC0043856F /* BranchViewHandler.h */; };
		1BEA68F01E0A68DC0043856F /* BranchViewHandler.m in Sources */ = {isa = PBXBuildFile; fileRef = 1BEA689B1E0A68DC0043856F /* BranchViewHandler.m */; };
		24DD6CF91134B3F500162E58 /* IoBranchSdkModule.h in Headers */ = {isa = PBXBuildFile; fileRef = 24DD6CF71134B3F500162E58 /* IoBranchSdkModule.h */; };
		24DD6CFA1134B3F500162E58 /* IoBranchSdkModule.m in Sources */ = {isa = PBXBuildFile; fileRef = 24DD6CF81134B3F500162E58 /* IoBranchSdkModule.m */; };
		24DE9E1111C5FE74003F90F6 /* IoBranchSdkModuleAssets.h in Headers */ = {isa = PBXBuildFile; fileRef = 24DE9E0F11C5FE74003F90F6 /* IoBranchSdkModuleAssets.h */; };
		24DE9E1211C5FE74003F90F6 /* IoBranchSdkModuleAssets.m in Sources */ = {isa = PBXBuildFile; fileRef = 24DE9E1011C5FE74003F90F6 /* IoBranchSdkModuleAssets.m */; };
		657DCC241CFF4FA100D1D27B /* FABAttributes.h in Headers */ = {isa = PBXBuildFile; fileRef = 657DCBCD1CFF4FA100D1D27B /* FABAttributes.h */; };
		657DCC251CFF4FA100D1D27B /* FABKitProtocol.h in Headers */ = {isa = PBXBuildFile; fileRef = 657DCBCE1CFF4FA100D1D27B /* FABKitProtocol.h */; };
		657DCC261CFF4FA100D1D27B /* Fabric+FABKits.h in Headers */ = {isa = PBXBuildFile; fileRef = 657DCBCF1CFF4FA100D1D27B /* Fabric+FABKits.h */; };
		657DCC271CFF4FA100D1D27B /* Fabric.h in Headers */ = {isa = PBXBuildFile; fileRef = 657DCBD01CFF4FA100D1D27B /* Fabric.h */; };
		7B3135A21EE86204009E2F76 /* BNCCommerceEvent.h in Headers */ = {isa = PBXBuildFile; fileRef = 7B3135781EE86204009E2F76 /* BNCCommerceEvent.h */; };
		7B3135A31EE86204009E2F76 /* BNCCommerceEvent.m in Sources */ = {isa = PBXBuildFile; fileRef = 7B3135791EE86204009E2F76 /* BNCCommerceEvent.m */; };
		7B3135A41EE86204009E2F76 /* BNCDebug.h in Headers */ = {isa = PBXBuildFile; fileRef = 7B31357A1EE86204009E2F76 /* BNCDebug.h */; };
		7B3135A51EE86204009E2F76 /* BNCDebug.m in Sources */ = {isa = PBXBuildFile; fileRef = 7B31357B1EE86204009E2F76 /* BNCDebug.m */; };
		7B3135A61EE86204009E2F76 /* BNCLog.h in Headers */ = {isa = PBXBuildFile; fileRef = 7B31357C1EE86204009E2F76 /* BNCLog.h */; };
		7B3135A71EE86204009E2F76 /* BNCLog.m in Sources */ = {isa = PBXBuildFile; fileRef = 7B31357D1EE86204009E2F76 /* BNCLog.m */; };
		7B3135A81EE86204009E2F76 /* BranchShareLink.h in Headers */ = {isa = PBXBuildFile; fileRef = 7B31357E1EE86204009E2F76 /* BranchShareLink.h */; };
		7B3135A91EE86204009E2F76 /* BranchShareLink.m in Sources */ = {isa = PBXBuildFile; fileRef = 7B31357F1EE86204009E2F76 /* BranchShareLink.m */; };
		7B3135AA1EE86204009E2F76 /* NSMutableDictionary+Branch.h in Headers */ = {isa = PBXBuildFile; fileRef = 7B3135801EE86204009E2F76 /* NSMutableDictionary+Branch.h */; };
		7B3135AB1EE86204009E2F76 /* NSMutableDictionary+Branch.m in Sources */ = {isa = PBXBuildFile; fileRef = 7B3135811EE86204009E2F76 /* NSMutableDictionary+Branch.m */; };
		7B3135AC1EE86204009E2F76 /* NSString+Branch.h in Headers */ = {isa = PBXBuildFile; fileRef = 7B3135821EE86204009E2F76 /* NSString+Branch.h */; };
		7B3135AD1EE86204009E2F76 /* NSString+Branch.m in Sources */ = {isa = PBXBuildFile; fileRef = 7B3135831EE86204009E2F76 /* NSString+Branch.m */; };
		7B7612E71F4628450011EAC5 /* BNCCrashlyticsWrapper.h in Headers */ = {isa = PBXBuildFile; fileRef = 7B7612BA1F4628450011EAC5 /* BNCCrashlyticsWrapper.h */; };
		7B7612E81F4628450011EAC5 /* BNCCrashlyticsWrapper.m in Sources */ = {isa = PBXBuildFile; fileRef = 7B7612BB1F4628450011EAC5 /* BNCCrashlyticsWrapper.m */; };
		7B7612E91F4628450011EAC5 /* BNCDeepLinkViewControllerInstance.h in Headers */ = {isa = PBXBuildFile; fileRef = 7B7612BC1F4628450011EAC5 /* BNCDeepLinkViewControllerInstance.h */; };
		7B7612EA1F4628450011EAC5 /* BNCDeepLinkViewControllerInstance.m in Sources */ = {isa = PBXBuildFile; fileRef = 7B7612BD1F4628450011EAC5 /* BNCDeepLinkViewControllerInstance.m */; };
		7B7612EB1F4628450011EAC5 /* BNCLocalization.h in Headers */ = {isa = PBXBuildFile; fileRef = 7B7612BE1F4628450011EAC5 /* BNCLocalization.h */; };
		7B7612EC1F4628450011EAC5 /* BNCLocalization.m in Sources */ = {isa = PBXBuildFile; fileRef = 7B7612BF1F4628450011EAC5 /* BNCLocalization.m */; };
		7B7612ED1F4628450011EAC5 /* BNCNetworkService.h in Headers */ = {isa = PBXBuildFile; fileRef = 7B7612C11F4628450011EAC5 /* BNCNetworkService.h */; };
		7B7612EE1F4628450011EAC5 /* BNCNetworkService.m in Sources */ = {isa = PBXBuildFile; fileRef = 7B7612C21F4628450011EAC5 /* BNCNetworkService.m */; };
		7B7612EF1F4628450011EAC5 /* BNCNetworkServiceProtocol.h in Headers */ = {isa = PBXBuildFile; fileRef = 7B7612C31F4628450011EAC5 /* BNCNetworkServiceProtocol.h */; };
		7B7612F01F4628450011EAC5 /* BNCServerInterface.h in Headers */ = {isa = PBXBuildFile; fileRef = 7B7612C41F4628450011EAC5 /* BNCServerInterface.h */; };
		7B7612F11F4628450011EAC5 /* BNCServerInterface.m in Sources */ = {isa = PBXBuildFile; fileRef = 7B7612C51F4628450011EAC5 /* BNCServerInterface.m */; };
		7B7612F21F4628450011EAC5 /* BNCServerRequest.h in Headers */ = {isa = PBXBuildFile; fileRef = 7B7612C61F4628450011EAC5 /* BNCServerRequest.h */; };
		7B7612F31F4628450011EAC5 /* BNCServerRequest.m in Sources */ = {isa = PBXBuildFile; fileRef = 7B7612C71F4628450011EAC5 /* BNCServerRequest.m */; };
		7B7612F41F4628450011EAC5 /* BNCServerRequestQueue.h in Headers */ = {isa = PBXBuildFile; fileRef = 7B7612C81F4628450011EAC5 /* BNCServerRequestQueue.h */; };
		7B7612F51F4628450011EAC5 /* BNCServerRequestQueue.m in Sources */ = {isa = PBXBuildFile; fileRef = 7B7612C91F4628450011EAC5 /* BNCServerRequestQueue.m */; };
		7B7612F61F4628450011EAC5 /* BNCServerResponse.h in Headers */ = {isa = PBXBuildFile; fileRef = 7B7612CA1F4628450011EAC5 /* BNCServerResponse.h */; };
		7B7612F71F4628450011EAC5 /* BNCServerResponse.m in Sources */ = {isa = PBXBuildFile; fileRef = 7B7612CB1F4628450011EAC5 /* BNCServerResponse.m */; };
		7B7612F81F4628450011EAC5 /* BranchCloseRequest.h in Headers */ = {isa = PBXBuildFile; fileRef = 7B7612CD1F4628450011EAC5 /* BranchCloseRequest.h */; };
		7B7612F91F4628450011EAC5 /* BranchCloseRequest.m in Sources */ = {isa = PBXBuildFile; fileRef = 7B7612CE1F4628450011EAC5 /* BranchCloseRequest.m */; };
		7B7612FA1F4628450011EAC5 /* BranchCreditHistoryRequest.h in Headers */ = {isa = PBXBuildFile; fileRef = 7B7612CF1F4628450011EAC5 /* BranchCreditHistoryRequest.h */; };
		7B7612FB1F4628450011EAC5 /* BranchCreditHistoryRequest.m in Sources */ = {isa = PBXBuildFile; fileRef = 7B7612D01F4628450011EAC5 /* BranchCreditHistoryRequest.m */; };
		7B7612FC1F4628450011EAC5 /* BranchInstallRequest.h in Headers */ = {isa = PBXBuildFile; fileRef = 7B7612D11F4628450011EAC5 /* BranchInstallRequest.h */; };
		7B7612FD1F4628450011EAC5 /* BranchInstallRequest.m in Sources */ = {isa = PBXBuildFile; fileRef = 7B7612D21F4628450011EAC5 /* BranchInstallRequest.m */; };
		7B7612FE1F4628450011EAC5 /* BranchLoadRewardsRequest.h in Headers */ = {isa = PBXBuildFile; fileRef = 7B7612D31F4628450011EAC5 /* BranchLoadRewardsRequest.h */; };
		7B7612FF1F4628450011EAC5 /* BranchLoadRewardsRequest.m in Sources */ = {isa = PBXBuildFile; fileRef = 7B7612D41F4628450011EAC5 /* BranchLoadRewardsRequest.m */; };
		7B7613001F4628450011EAC5 /* BranchLogoutRequest.h in Headers */ = {isa = PBXBuildFile; fileRef = 7B7612D51F4628450011EAC5 /* BranchLogoutRequest.h */; };
		7B7613011F4628450011EAC5 /* BranchLogoutRequest.m in Sources */ = {isa = PBXBuildFile; fileRef = 7B7612D61F4628450011EAC5 /* BranchLogoutRequest.m */; };
		7B7613021F4628450011EAC5 /* BranchOpenRequest.h in Headers */ = {isa = PBXBuildFile; fileRef = 7B7612D71F4628450011EAC5 /* BranchOpenRequest.h */; };
		7B7613031F4628450011EAC5 /* BranchOpenRequest.m in Sources */ = {isa = PBXBuildFile; fileRef = 7B7612D81F4628450011EAC5 /* BranchOpenRequest.m */; };
		7B7613041F4628450011EAC5 /* BranchRedeemRewardsRequest.h in Headers */ = {isa = PBXBuildFile; fileRef = 7B7612D91F4628450011EAC5 /* BranchRedeemRewardsRequest.h */; };
		7B7613051F4628450011EAC5 /* BranchRedeemRewardsRequest.m in Sources */ = {isa = PBXBuildFile; fileRef = 7B7612DA1F4628450011EAC5 /* BranchRedeemRewardsRequest.m */; };
		7B7613061F4628450011EAC5 /* BranchRegisterViewRequest.h in Headers */ = {isa = PBXBuildFile; fileRef = 7B7612DB1F4628450011EAC5 /* BranchRegisterViewRequest.h */; };
		7B7613071F4628450011EAC5 /* BranchRegisterViewRequest.m in Sources */ = {isa = PBXBuildFile; fileRef = 7B7612DC1F4628450011EAC5 /* BranchRegisterViewRequest.m */; };
		7B7613081F4628450011EAC5 /* BranchSetIdentityRequest.h in Headers */ = {isa = PBXBuildFile; fileRef = 7B7612DD1F4628450011EAC5 /* BranchSetIdentityRequest.h */; };
		7B7613091F4628450011EAC5 /* BranchSetIdentityRequest.m in Sources */ = {isa = PBXBuildFile; fileRef = 7B7612DE1F4628450011EAC5 /* BranchSetIdentityRequest.m */; };
		7B76130A1F4628450011EAC5 /* BranchShortUrlRequest.h in Headers */ = {isa = PBXBuildFile; fileRef = 7B7612DF1F4628450011EAC5 /* BranchShortUrlRequest.h */; };
		7B76130B1F4628450011EAC5 /* BranchShortUrlRequest.m in Sources */ = {isa = PBXBuildFile; fileRef = 7B7612E01F4628450011EAC5 /* BranchShortUrlRequest.m */; };
		7B76130C1F4628450011EAC5 /* BranchShortUrlSyncRequest.h in Headers */ = {isa = PBXBuildFile; fileRef = 7B7612E11F4628450011EAC5 /* BranchShortUrlSyncRequest.h */; };
		7B76130D1F4628450011EAC5 /* BranchShortUrlSyncRequest.m in Sources */ = {isa = PBXBuildFile; fileRef = 7B7612E21F4628450011EAC5 /* BranchShortUrlSyncRequest.m */; };
		7B76130E1F4628450011EAC5 /* BranchSpotlightUrlRequest.h in Headers */ = {isa = PBXBuildFile; fileRef = 7B7612E31F4628450011EAC5 /* BranchSpotlightUrlRequest.h */; };
		7B76130F1F4628450011EAC5 /* BranchSpotlightUrlRequest.m in Sources */ = {isa = PBXBuildFile; fileRef = 7B7612E41F4628450011EAC5 /* BranchSpotlightUrlRequest.m */; };
		7B7613101F4628450011EAC5 /* BranchUserCompletedActionRequest.h in Headers */ = {isa = PBXBuildFile; fileRef = 7B7612E51F4628450011EAC5 /* BranchUserCompletedActionRequest.h */; };
		7B7613111F4628450011EAC5 /* BranchUserCompletedActionRequest.m in Sources */ = {isa = PBXBuildFile; fileRef = 7B7612E61F4628450011EAC5 /* BranchUserCompletedActionRequest.m */; };
		AA747D9F0F9514B9006C5449 /* IoBranchSdk_Prefix.pch in Headers */ = {isa = PBXBuildFile; fileRef = AA747D9E0F9514B9006C5449 /* IoBranchSdk_Prefix.pch */; };
		AACBBE4A0F95108600F1A2B1 /* Foundation.framework in Frameworks */ = {isa = PBXBuildFile; fileRef = AACBBE490F95108600F1A2B1 /* Foundation.framework */; };
		D60359871C067C1600ACC6C5 /* IoBranchSdkBranchUniversalObjectProxy.h in Headers */ = {isa = PBXBuildFile; fileRef = D60359851C067C1600ACC6C5 /* IoBranchSdkBranchUniversalObjectProxy.h */; };
		D60359881C067C1600ACC6C5 /* IoBranchSdkBranchUniversalObjectProxy.m in Sources */ = {isa = PBXBuildFile; fileRef = D60359861C067C1600ACC6C5 /* IoBranchSdkBranchUniversalObjectProxy.m */; };
		D6DC185D1C1F99EE0054E63C /* JRSwizzle.h in Headers */ = {isa = PBXBuildFile; fileRef = D6DC185B1C1F99EE0054E63C /* JRSwizzle.h */; };
		D6DC185E1C1F99EE0054E63C /* JRSwizzle.m in Sources */ = {isa = PBXBuildFile; fileRef = D6DC185C1C1F99EE0054E63C /* JRSwizzle.m */; };
/* End PBXBuildFile section */

/* Begin PBXContainerItemProxy section */
		24416B8411C4CA280047AFDD /* PBXContainerItemProxy */ = {
			isa = PBXContainerItemProxy;
			containerPortal = 0867D690FE84028FC02AAC07 /* Project object */;
			proxyType = 1;
			remoteGlobalIDString = D2AAC07D0554694100DB518D;
			remoteInfo = "Titanium-Deferred-Deep-Linking-SDK";
		};
/* End PBXContainerItemProxy section */

/* Begin PBXFileReference section */
		1BEA68651E0A68DC0043856F /* BNCCallbacks.h */ = {isa = PBXFileReference; fileEncoding = 4; lastKnownFileType = sourcecode.c.h; path = BNCCallbacks.h; sourceTree = "<group>"; };
		1BEA68661E0A68DC0043856F /* BNCConfig.h */ = {isa = PBXFileReference; fileEncoding = 4; lastKnownFileType = sourcecode.c.h; path = BNCConfig.h; sourceTree = "<group>"; };
		1BEA68671E0A68DC0043856F /* BNCConfig.m */ = {isa = PBXFileReference; fileEncoding = 4; lastKnownFileType = sourcecode.c.objc; path = BNCConfig.m; sourceTree = "<group>"; };
		1BEA68681E0A68DC0043856F /* BNCContentDiscoveryManager.h */ = {isa = PBXFileReference; fileEncoding = 4; lastKnownFileType = sourcecode.c.h; path = BNCContentDiscoveryManager.h; sourceTree = "<group>"; };
		1BEA68691E0A68DC0043856F /* BNCContentDiscoveryManager.m */ = {isa = PBXFileReference; fileEncoding = 4; lastKnownFileType = sourcecode.c.objc; path = BNCContentDiscoveryManager.m; sourceTree = "<group>"; };
		1BEA686A1E0A68DC0043856F /* BNCDeviceInfo.h */ = {isa = PBXFileReference; fileEncoding = 4; lastKnownFileType = sourcecode.c.h; path = BNCDeviceInfo.h; sourceTree = "<group>"; };
		1BEA686B1E0A68DC0043856F /* BNCDeviceInfo.m */ = {isa = PBXFileReference; fileEncoding = 4; lastKnownFileType = sourcecode.c.objc; path = BNCDeviceInfo.m; sourceTree = "<group>"; };
		1BEA686C1E0A68DC0043856F /* BNCEncodingUtils.h */ = {isa = PBXFileReference; fileEncoding = 4; lastKnownFileType = sourcecode.c.h; path = BNCEncodingUtils.h; sourceTree = "<group>"; };
		1BEA686D1E0A68DC0043856F /* BNCEncodingUtils.m */ = {isa = PBXFileReference; fileEncoding = 4; lastKnownFileType = sourcecode.c.objc; path = BNCEncodingUtils.m; sourceTree = "<group>"; };
		1BEA686E1E0A68DC0043856F /* BNCError.h */ = {isa = PBXFileReference; fileEncoding = 4; lastKnownFileType = sourcecode.c.h; path = BNCError.h; sourceTree = "<group>"; };
		1BEA686F1E0A68DC0043856F /* BNCError.m */ = {isa = PBXFileReference; fileEncoding = 4; lastKnownFileType = sourcecode.c.objc; path = BNCError.m; sourceTree = "<group>"; };
		1BEA68701E0A68DC0043856F /* BNCFabricAnswers.h */ = {isa = PBXFileReference; fileEncoding = 4; lastKnownFileType = sourcecode.c.h; path = BNCFabricAnswers.h; sourceTree = "<group>"; };
		1BEA68711E0A68DC0043856F /* BNCFabricAnswers.m */ = {isa = PBXFileReference; fileEncoding = 4; lastKnownFileType = sourcecode.c.objc; path = BNCFabricAnswers.m; sourceTree = "<group>"; };
		1BEA68721E0A68DC0043856F /* BNCLinkCache.h */ = {isa = PBXFileReference; fileEncoding = 4; lastKnownFileType = sourcecode.c.h; path = BNCLinkCache.h; sourceTree = "<group>"; };
		1BEA68731E0A68DC0043856F /* BNCLinkCache.m */ = {isa = PBXFileReference; fileEncoding = 4; lastKnownFileType = sourcecode.c.objc; path = BNCLinkCache.m; sourceTree = "<group>"; };
		1BEA68741E0A68DC0043856F /* BNCLinkData.h */ = {isa = PBXFileReference; fileEncoding = 4; lastKnownFileType = sourcecode.c.h; path = BNCLinkData.h; sourceTree = "<group>"; };
		1BEA68751E0A68DC0043856F /* BNCLinkData.m */ = {isa = PBXFileReference; fileEncoding = 4; lastKnownFileType = sourcecode.c.objc; path = BNCLinkData.m; sourceTree = "<group>"; };
		1BEA68761E0A68DC0043856F /* BNCPreferenceHelper.h */ = {isa = PBXFileReference; fileEncoding = 4; lastKnownFileType = sourcecode.c.h; path = BNCPreferenceHelper.h; sourceTree = "<group>"; };
		1BEA68771E0A68DC0043856F /* BNCPreferenceHelper.m */ = {isa = PBXFileReference; fileEncoding = 4; lastKnownFileType = sourcecode.c.objc; path = BNCPreferenceHelper.m; sourceTree = "<group>"; };
		1BEA687E1E0A68DC0043856F /* BNCStrongMatchHelper.h */ = {isa = PBXFileReference; fileEncoding = 4; lastKnownFileType = sourcecode.c.h; path = BNCStrongMatchHelper.h; sourceTree = "<group>"; };
		1BEA687F1E0A68DC0043856F /* BNCStrongMatchHelper.m */ = {isa = PBXFileReference; fileEncoding = 4; lastKnownFileType = sourcecode.c.objc; path = BNCStrongMatchHelper.m; sourceTree = "<group>"; };
		1BEA68801E0A68DC0043856F /* BNCSystemObserver.h */ = {isa = PBXFileReference; fileEncoding = 4; lastKnownFileType = sourcecode.c.h; path = BNCSystemObserver.h; sourceTree = "<group>"; };
		1BEA68811E0A68DC0043856F /* BNCSystemObserver.m */ = {isa = PBXFileReference; fileEncoding = 4; lastKnownFileType = sourcecode.c.objc; path = BNCSystemObserver.m; sourceTree = "<group>"; };
		1BEA68821E0A68DC0043856F /* BNCXcode7Support.h */ = {isa = PBXFileReference; fileEncoding = 4; lastKnownFileType = sourcecode.c.h; path = BNCXcode7Support.h; sourceTree = "<group>"; };
		1BEA68831E0A68DC0043856F /* BNCXcode7Support.m */ = {isa = PBXFileReference; fileEncoding = 4; lastKnownFileType = sourcecode.c.objc; path = BNCXcode7Support.m; sourceTree = "<group>"; };
		1BEA68841E0A68DC0043856F /* Branch-SDK-Prefix.pch */ = {isa = PBXFileReference; fileEncoding = 4; lastKnownFileType = sourcecode.c.h; path = "Branch-SDK-Prefix.pch"; sourceTree = "<group>"; };
		1BEA68851E0A68DC0043856F /* Branch.h */ = {isa = PBXFileReference; fileEncoding = 4; lastKnownFileType = sourcecode.c.h; path = Branch.h; sourceTree = "<group>"; };
		1BEA68861E0A68DC0043856F /* Branch.m */ = {isa = PBXFileReference; fileEncoding = 4; lastKnownFileType = sourcecode.c.objc; path = Branch.m; sourceTree = "<group>"; };
		1BEA68871E0A68DC0043856F /* BranchActivityItemProvider.h */ = {isa = PBXFileReference; fileEncoding = 4; lastKnownFileType = sourcecode.c.h; path = BranchActivityItemProvider.h; sourceTree = "<group>"; };
		1BEA68881E0A68DC0043856F /* BranchActivityItemProvider.m */ = {isa = PBXFileReference; fileEncoding = 4; lastKnownFileType = sourcecode.c.objc; path = BranchActivityItemProvider.m; sourceTree = "<group>"; };
		1BEA68891E0A68DC0043856F /* BranchConstants.h */ = {isa = PBXFileReference; fileEncoding = 4; lastKnownFileType = sourcecode.c.h; path = BranchConstants.h; sourceTree = "<group>"; };
		1BEA688A1E0A68DC0043856F /* BranchConstants.m */ = {isa = PBXFileReference; fileEncoding = 4; lastKnownFileType = sourcecode.c.objc; path = BranchConstants.m; sourceTree = "<group>"; };
		1BEA688B1E0A68DC0043856F /* BranchContentDiscoverer.h */ = {isa = PBXFileReference; fileEncoding = 4; lastKnownFileType = sourcecode.c.h; path = BranchContentDiscoverer.h; sourceTree = "<group>"; };
		1BEA688C1E0A68DC0043856F /* BranchContentDiscoverer.m */ = {isa = PBXFileReference; fileEncoding = 4; lastKnownFileType = sourcecode.c.objc; path = BranchContentDiscoverer.m; sourceTree = "<group>"; };
		1BEA688D1E0A68DC0043856F /* BranchContentDiscoveryManifest.h */ = {isa = PBXFileReference; fileEncoding = 4; lastKnownFileType = sourcecode.c.h; path = BranchContentDiscoveryManifest.h; sourceTree = "<group>"; };
		1BEA688E1E0A68DC0043856F /* BranchContentDiscoveryManifest.m */ = {isa = PBXFileReference; fileEncoding = 4; lastKnownFileType = sourcecode.c.objc; path = BranchContentDiscoveryManifest.m; sourceTree = "<group>"; };
		1BEA688F1E0A68DC0043856F /* BranchContentPathProperties.h */ = {isa = PBXFileReference; fileEncoding = 4; lastKnownFileType = sourcecode.c.h; path = BranchContentPathProperties.h; sourceTree = "<group>"; };
		1BEA68901E0A68DC0043856F /* BranchContentPathProperties.m */ = {isa = PBXFileReference; fileEncoding = 4; lastKnownFileType = sourcecode.c.objc; path = BranchContentPathProperties.m; sourceTree = "<group>"; };
		1BEA68911E0A68DC0043856F /* BranchCSSearchableItemAttributeSet.h */ = {isa = PBXFileReference; fileEncoding = 4; lastKnownFileType = sourcecode.c.h; path = BranchCSSearchableItemAttributeSet.h; sourceTree = "<group>"; };
		1BEA68921E0A68DC0043856F /* BranchCSSearchableItemAttributeSet.m */ = {isa = PBXFileReference; fileEncoding = 4; lastKnownFileType = sourcecode.c.objc; path = BranchCSSearchableItemAttributeSet.m; sourceTree = "<group>"; };
		1BEA68931E0A68DC0043856F /* BranchDeepLinkingController.h */ = {isa = PBXFileReference; fileEncoding = 4; lastKnownFileType = sourcecode.c.h; path = BranchDeepLinkingController.h; sourceTree = "<group>"; };
		1BEA68941E0A68DC0043856F /* BranchLinkProperties.h */ = {isa = PBXFileReference; fileEncoding = 4; lastKnownFileType = sourcecode.c.h; path = BranchLinkProperties.h; sourceTree = "<group>"; };
		1BEA68951E0A68DC0043856F /* BranchLinkProperties.m */ = {isa = PBXFileReference; fileEncoding = 4; lastKnownFileType = sourcecode.c.objc; path = BranchLinkProperties.m; sourceTree = "<group>"; };
		1BEA68961E0A68DC0043856F /* BranchUniversalObject.h */ = {isa = PBXFileReference; fileEncoding = 4; lastKnownFileType = sourcecode.c.h; path = BranchUniversalObject.h; sourceTree = "<group>"; };
		1BEA68971E0A68DC0043856F /* BranchUniversalObject.m */ = {isa = PBXFileReference; fileEncoding = 4; lastKnownFileType = sourcecode.c.objc; path = BranchUniversalObject.m; sourceTree = "<group>"; };
		1BEA68981E0A68DC0043856F /* BranchView.h */ = {isa = PBXFileReference; fileEncoding = 4; lastKnownFileType = sourcecode.c.h; path = BranchView.h; sourceTree = "<group>"; };
		1BEA68991E0A68DC0043856F /* BranchView.m */ = {isa = PBXFileReference; fileEncoding = 4; lastKnownFileType = sourcecode.c.objc; path = BranchView.m; sourceTree = "<group>"; };
		1BEA689A1E0A68DC0043856F /* BranchViewHandler.h */ = {isa = PBXFileReference; fileEncoding = 4; lastKnownFileType = sourcecode.c.h; path = BranchViewHandler.h; sourceTree = "<group>"; };
		1BEA689B1E0A68DC0043856F /* BranchViewHandler.m */ = {isa = PBXFileReference; fileEncoding = 4; lastKnownFileType = sourcecode.c.objc; path = BranchViewHandler.m; sourceTree = "<group>"; };
		24DD6CF71134B3F500162E58 /* IoBranchSdkModule.h */ = {isa = PBXFileReference; fileEncoding = 4; lastKnownFileType = sourcecode.c.h; name = IoBranchSdkModule.h; path = Classes/IoBranchSdkModule.h; sourceTree = "<group>"; };
		24DD6CF81134B3F500162E58 /* IoBranchSdkModule.m */ = {isa = PBXFileReference; fileEncoding = 4; lastKnownFileType = sourcecode.c.objc; name = IoBranchSdkModule.m; path = Classes/IoBranchSdkModule.m; sourceTree = "<group>"; };
		24DD6D1B1134B66800162E58 /* titanium.xcconfig */ = {isa = PBXFileReference; fileEncoding = 4; lastKnownFileType = text.xcconfig; path = titanium.xcconfig; sourceTree = "<group>"; };
		24DE9E0F11C5FE74003F90F6 /* IoBranchSdkModuleAssets.h */ = {isa = PBXFileReference; fileEncoding = 4; lastKnownFileType = sourcecode.c.h; name = IoBranchSdkModuleAssets.h; path = Classes/IoBranchSdkModuleAssets.h; sourceTree = "<group>"; };
		24DE9E1011C5FE74003F90F6 /* IoBranchSdkModuleAssets.m */ = {isa = PBXFileReference; fileEncoding = 4; lastKnownFileType = sourcecode.c.objc; name = IoBranchSdkModuleAssets.m; path = Classes/IoBranchSdkModuleAssets.m; sourceTree = "<group>"; };
		657DCBCD1CFF4FA100D1D27B /* FABAttributes.h */ = {isa = PBXFileReference; fileEncoding = 4; lastKnownFileType = sourcecode.c.h; path = FABAttributes.h; sourceTree = "<group>"; };
		657DCBCE1CFF4FA100D1D27B /* FABKitProtocol.h */ = {isa = PBXFileReference; fileEncoding = 4; lastKnownFileType = sourcecode.c.h; path = FABKitProtocol.h; sourceTree = "<group>"; };
		657DCBCF1CFF4FA100D1D27B /* Fabric+FABKits.h */ = {isa = PBXFileReference; fileEncoding = 4; lastKnownFileType = sourcecode.c.h; path = "Fabric+FABKits.h"; sourceTree = "<group>"; };
		657DCBD01CFF4FA100D1D27B /* Fabric.h */ = {isa = PBXFileReference; fileEncoding = 4; lastKnownFileType = sourcecode.c.h; path = Fabric.h; sourceTree = "<group>"; };
		7B3135781EE86204009E2F76 /* BNCCommerceEvent.h */ = {isa = PBXFileReference; fileEncoding = 4; lastKnownFileType = sourcecode.c.h; path = BNCCommerceEvent.h; sourceTree = "<group>"; };
		7B3135791EE86204009E2F76 /* BNCCommerceEvent.m */ = {isa = PBXFileReference; fileEncoding = 4; lastKnownFileType = sourcecode.c.objc; path = BNCCommerceEvent.m; sourceTree = "<group>"; };
		7B31357A1EE86204009E2F76 /* BNCDebug.h */ = {isa = PBXFileReference; fileEncoding = 4; lastKnownFileType = sourcecode.c.h; path = BNCDebug.h; sourceTree = "<group>"; };
		7B31357B1EE86204009E2F76 /* BNCDebug.m */ = {isa = PBXFileReference; fileEncoding = 4; lastKnownFileType = sourcecode.c.objc; path = BNCDebug.m; sourceTree = "<group>"; };
		7B31357C1EE86204009E2F76 /* BNCLog.h */ = {isa = PBXFileReference; fileEncoding = 4; lastKnownFileType = sourcecode.c.h; path = BNCLog.h; sourceTree = "<group>"; };
		7B31357D1EE86204009E2F76 /* BNCLog.m */ = {isa = PBXFileReference; fileEncoding = 4; lastKnownFileType = sourcecode.c.objc; path = BNCLog.m; sourceTree = "<group>"; };
		7B31357E1EE86204009E2F76 /* BranchShareLink.h */ = {isa = PBXFileReference; fileEncoding = 4; lastKnownFileType = sourcecode.c.h; path = BranchShareLink.h; sourceTree = "<group>"; };
		7B31357F1EE86204009E2F76 /* BranchShareLink.m */ = {isa = PBXFileReference; fileEncoding = 4; lastKnownFileType = sourcecode.c.objc; path = BranchShareLink.m; sourceTree = "<group>"; };
		7B3135801EE86204009E2F76 /* NSMutableDictionary+Branch.h */ = {isa = PBXFileReference; fileEncoding = 4; lastKnownFileType = sourcecode.c.h; path = "NSMutableDictionary+Branch.h"; sourceTree = "<group>"; };
		7B3135811EE86204009E2F76 /* NSMutableDictionary+Branch.m */ = {isa = PBXFileReference; fileEncoding = 4; lastKnownFileType = sourcecode.c.objc; path = "NSMutableDictionary+Branch.m"; sourceTree = "<group>"; };
		7B3135821EE86204009E2F76 /* NSString+Branch.h */ = {isa = PBXFileReference; fileEncoding = 4; lastKnownFileType = sourcecode.c.h; path = "NSString+Branch.h"; sourceTree = "<group>"; };
		7B3135831EE86204009E2F76 /* NSString+Branch.m */ = {isa = PBXFileReference; fileEncoding = 4; lastKnownFileType = sourcecode.c.objc; path = "NSString+Branch.m"; sourceTree = "<group>"; };
		7B7612BA1F4628450011EAC5 /* BNCCrashlyticsWrapper.h */ = {isa = PBXFileReference; fileEncoding = 4; lastKnownFileType = sourcecode.c.h; path = BNCCrashlyticsWrapper.h; sourceTree = "<group>"; };
		7B7612BB1F4628450011EAC5 /* BNCCrashlyticsWrapper.m */ = {isa = PBXFileReference; fileEncoding = 4; lastKnownFileType = sourcecode.c.objc; path = BNCCrashlyticsWrapper.m; sourceTree = "<group>"; };
		7B7612BC1F4628450011EAC5 /* BNCDeepLinkViewControllerInstance.h */ = {isa = PBXFileReference; fileEncoding = 4; lastKnownFileType = sourcecode.c.h; path = BNCDeepLinkViewControllerInstance.h; sourceTree = "<group>"; };
		7B7612BD1F4628450011EAC5 /* BNCDeepLinkViewControllerInstance.m */ = {isa = PBXFileReference; fileEncoding = 4; lastKnownFileType = sourcecode.c.objc; path = BNCDeepLinkViewControllerInstance.m; sourceTree = "<group>"; };
		7B7612BE1F4628450011EAC5 /* BNCLocalization.h */ = {isa = PBXFileReference; fileEncoding = 4; lastKnownFileType = sourcecode.c.h; path = BNCLocalization.h; sourceTree = "<group>"; };
		7B7612BF1F4628450011EAC5 /* BNCLocalization.m */ = {isa = PBXFileReference; fileEncoding = 4; lastKnownFileType = sourcecode.c.objc; path = BNCLocalization.m; sourceTree = "<group>"; };
		7B7612C11F4628450011EAC5 /* BNCNetworkService.h */ = {isa = PBXFileReference; fileEncoding = 4; lastKnownFileType = sourcecode.c.h; path = BNCNetworkService.h; sourceTree = "<group>"; };
		7B7612C21F4628450011EAC5 /* BNCNetworkService.m */ = {isa = PBXFileReference; fileEncoding = 4; lastKnownFileType = sourcecode.c.objc; path = BNCNetworkService.m; sourceTree = "<group>"; };
		7B7612C31F4628450011EAC5 /* BNCNetworkServiceProtocol.h */ = {isa = PBXFileReference; fileEncoding = 4; lastKnownFileType = sourcecode.c.h; path = BNCNetworkServiceProtocol.h; sourceTree = "<group>"; };
		7B7612C41F4628450011EAC5 /* BNCServerInterface.h */ = {isa = PBXFileReference; fileEncoding = 4; lastKnownFileType = sourcecode.c.h; path = BNCServerInterface.h; sourceTree = "<group>"; };
		7B7612C51F4628450011EAC5 /* BNCServerInterface.m */ = {isa = PBXFileReference; fileEncoding = 4; lastKnownFileType = sourcecode.c.objc; path = BNCServerInterface.m; sourceTree = "<group>"; };
		7B7612C61F4628450011EAC5 /* BNCServerRequest.h */ = {isa = PBXFileReference; fileEncoding = 4; lastKnownFileType = sourcecode.c.h; path = BNCServerRequest.h; sourceTree = "<group>"; };
		7B7612C71F4628450011EAC5 /* BNCServerRequest.m */ = {isa = PBXFileReference; fileEncoding = 4; lastKnownFileType = sourcecode.c.objc; path = BNCServerRequest.m; sourceTree = "<group>"; };
		7B7612C81F4628450011EAC5 /* BNCServerRequestQueue.h */ = {isa = PBXFileReference; fileEncoding = 4; lastKnownFileType = sourcecode.c.h; path = BNCServerRequestQueue.h; sourceTree = "<group>"; };
		7B7612C91F4628450011EAC5 /* BNCServerRequestQueue.m */ = {isa = PBXFileReference; fileEncoding = 4; lastKnownFileType = sourcecode.c.objc; path = BNCServerRequestQueue.m; sourceTree = "<group>"; };
		7B7612CA1F4628450011EAC5 /* BNCServerResponse.h */ = {isa = PBXFileReference; fileEncoding = 4; lastKnownFileType = sourcecode.c.h; path = BNCServerResponse.h; sourceTree = "<group>"; };
		7B7612CB1F4628450011EAC5 /* BNCServerResponse.m */ = {isa = PBXFileReference; fileEncoding = 4; lastKnownFileType = sourcecode.c.objc; path = BNCServerResponse.m; sourceTree = "<group>"; };
		7B7612CD1F4628450011EAC5 /* BranchCloseRequest.h */ = {isa = PBXFileReference; fileEncoding = 4; lastKnownFileType = sourcecode.c.h; path = BranchCloseRequest.h; sourceTree = "<group>"; };
		7B7612CE1F4628450011EAC5 /* BranchCloseRequest.m */ = {isa = PBXFileReference; fileEncoding = 4; lastKnownFileType = sourcecode.c.objc; path = BranchCloseRequest.m; sourceTree = "<group>"; };
		7B7612CF1F4628450011EAC5 /* BranchCreditHistoryRequest.h */ = {isa = PBXFileReference; fileEncoding = 4; lastKnownFileType = sourcecode.c.h; path = BranchCreditHistoryRequest.h; sourceTree = "<group>"; };
		7B7612D01F4628450011EAC5 /* BranchCreditHistoryRequest.m */ = {isa = PBXFileReference; fileEncoding = 4; lastKnownFileType = sourcecode.c.objc; path = BranchCreditHistoryRequest.m; sourceTree = "<group>"; };
		7B7612D11F4628450011EAC5 /* BranchInstallRequest.h */ = {isa = PBXFileReference; fileEncoding = 4; lastKnownFileType = sourcecode.c.h; path = BranchInstallRequest.h; sourceTree = "<group>"; };
		7B7612D21F4628450011EAC5 /* BranchInstallRequest.m */ = {isa = PBXFileReference; fileEncoding = 4; lastKnownFileType = sourcecode.c.objc; path = BranchInstallRequest.m; sourceTree = "<group>"; };
		7B7612D31F4628450011EAC5 /* BranchLoadRewardsRequest.h */ = {isa = PBXFileReference; fileEncoding = 4; lastKnownFileType = sourcecode.c.h; path = BranchLoadRewardsRequest.h; sourceTree = "<group>"; };
		7B7612D41F4628450011EAC5 /* BranchLoadRewardsRequest.m */ = {isa = PBXFileReference; fileEncoding = 4; lastKnownFileType = sourcecode.c.objc; path = BranchLoadRewardsRequest.m; sourceTree = "<group>"; };
		7B7612D51F4628450011EAC5 /* BranchLogoutRequest.h */ = {isa = PBXFileReference; fileEncoding = 4; lastKnownFileType = sourcecode.c.h; path = BranchLogoutRequest.h; sourceTree = "<group>"; };
		7B7612D61F4628450011EAC5 /* BranchLogoutRequest.m */ = {isa = PBXFileReference; fileEncoding = 4; lastKnownFileType = sourcecode.c.objc; path = BranchLogoutRequest.m; sourceTree = "<group>"; };
		7B7612D71F4628450011EAC5 /* BranchOpenRequest.h */ = {isa = PBXFileReference; fileEncoding = 4; lastKnownFileType = sourcecode.c.h; path = BranchOpenRequest.h; sourceTree = "<group>"; };
		7B7612D81F4628450011EAC5 /* BranchOpenRequest.m */ = {isa = PBXFileReference; fileEncoding = 4; lastKnownFileType = sourcecode.c.objc; path = BranchOpenRequest.m; sourceTree = "<group>"; };
		7B7612D91F4628450011EAC5 /* BranchRedeemRewardsRequest.h */ = {isa = PBXFileReference; fileEncoding = 4; lastKnownFileType = sourcecode.c.h; path = BranchRedeemRewardsRequest.h; sourceTree = "<group>"; };
		7B7612DA1F4628450011EAC5 /* BranchRedeemRewardsRequest.m */ = {isa = PBXFileReference; fileEncoding = 4; lastKnownFileType = sourcecode.c.objc; path = BranchRedeemRewardsRequest.m; sourceTree = "<group>"; };
		7B7612DB1F4628450011EAC5 /* BranchRegisterViewRequest.h */ = {isa = PBXFileReference; fileEncoding = 4; lastKnownFileType = sourcecode.c.h; path = BranchRegisterViewRequest.h; sourceTree = "<group>"; };
		7B7612DC1F4628450011EAC5 /* BranchRegisterViewRequest.m */ = {isa = PBXFileReference; fileEncoding = 4; lastKnownFileType = sourcecode.c.objc; path = BranchRegisterViewRequest.m; sourceTree = "<group>"; };
		7B7612DD1F4628450011EAC5 /* BranchSetIdentityRequest.h */ = {isa = PBXFileReference; fileEncoding = 4; lastKnownFileType = sourcecode.c.h; path = BranchSetIdentityRequest.h; sourceTree = "<group>"; };
		7B7612DE1F4628450011EAC5 /* BranchSetIdentityRequest.m */ = {isa = PBXFileReference; fileEncoding = 4; lastKnownFileType = sourcecode.c.objc; path = BranchSetIdentityRequest.m; sourceTree = "<group>"; };
		7B7612DF1F4628450011EAC5 /* BranchShortUrlRequest.h */ = {isa = PBXFileReference; fileEncoding = 4; lastKnownFileType = sourcecode.c.h; path = BranchShortUrlRequest.h; sourceTree = "<group>"; };
		7B7612E01F4628450011EAC5 /* BranchShortUrlRequest.m */ = {isa = PBXFileReference; fileEncoding = 4; lastKnownFileType = sourcecode.c.objc; path = BranchShortUrlRequest.m; sourceTree = "<group>"; };
		7B7612E11F4628450011EAC5 /* BranchShortUrlSyncRequest.h */ = {isa = PBXFileReference; fileEncoding = 4; lastKnownFileType = sourcecode.c.h; path = BranchShortUrlSyncRequest.h; sourceTree = "<group>"; };
		7B7612E21F4628450011EAC5 /* BranchShortUrlSyncRequest.m */ = {isa = PBXFileReference; fileEncoding = 4; lastKnownFileType = sourcecode.c.objc; path = BranchShortUrlSyncRequest.m; sourceTree = "<group>"; };
		7B7612E31F4628450011EAC5 /* BranchSpotlightUrlRequest.h */ = {isa = PBXFileReference; fileEncoding = 4; lastKnownFileType = sourcecode.c.h; path = BranchSpotlightUrlRequest.h; sourceTree = "<group>"; };
		7B7612E41F4628450011EAC5 /* BranchSpotlightUrlRequest.m */ = {isa = PBXFileReference; fileEncoding = 4; lastKnownFileType = sourcecode.c.objc; path = BranchSpotlightUrlRequest.m; sourceTree = "<group>"; };
		7B7612E51F4628450011EAC5 /* BranchUserCompletedActionRequest.h */ = {isa = PBXFileReference; fileEncoding = 4; lastKnownFileType = sourcecode.c.h; path = BranchUserCompletedActionRequest.h; sourceTree = "<group>"; };
		7B7612E61F4628450011EAC5 /* BranchUserCompletedActionRequest.m */ = {isa = PBXFileReference; fileEncoding = 4; lastKnownFileType = sourcecode.c.objc; path = BranchUserCompletedActionRequest.m; sourceTree = "<group>"; };
		AA747D9E0F9514B9006C5449 /* IoBranchSdk_Prefix.pch */ = {isa = PBXFileReference; fileEncoding = 4; lastKnownFileType = sourcecode.c.h; path = IoBranchSdk_Prefix.pch; sourceTree = SOURCE_ROOT; };
		AACBBE490F95108600F1A2B1 /* Foundation.framework */ = {isa = PBXFileReference; lastKnownFileType = wrapper.framework; name = Foundation.framework; path = System/Library/Frameworks/Foundation.framework; sourceTree = SDKROOT; };
		D2AAC07E0554694100DB518D /* libIoBranchSdk.a */ = {isa = PBXFileReference; explicitFileType = archive.ar; includeInIndex = 0; path = libIoBranchSdk.a; sourceTree = BUILT_PRODUCTS_DIR; };
		D60359851C067C1600ACC6C5 /* IoBranchSdkBranchUniversalObjectProxy.h */ = {isa = PBXFileReference; fileEncoding = 4; lastKnownFileType = sourcecode.c.h; name = IoBranchSdkBranchUniversalObjectProxy.h; path = Classes/IoBranchSdkBranchUniversalObjectProxy.h; sourceTree = "<group>"; };
		D60359861C067C1600ACC6C5 /* IoBranchSdkBranchUniversalObjectProxy.m */ = {isa = PBXFileReference; fileEncoding = 4; lastKnownFileType = sourcecode.c.objc; name = IoBranchSdkBranchUniversalObjectProxy.m; path = Classes/IoBranchSdkBranchUniversalObjectProxy.m; sourceTree = "<group>"; };
		D6DC185B1C1F99EE0054E63C /* JRSwizzle.h */ = {isa = PBXFileReference; fileEncoding = 4; lastKnownFileType = sourcecode.c.h; name = JRSwizzle.h; path = Classes/JRSwizzle/JRSwizzle.h; sourceTree = "<group>"; };
		D6DC185C1C1F99EE0054E63C /* JRSwizzle.m */ = {isa = PBXFileReference; fileEncoding = 4; lastKnownFileType = sourcecode.c.objc; name = JRSwizzle.m; path = Classes/JRSwizzle/JRSwizzle.m; sourceTree = "<group>"; };
/* End PBXFileReference section */

/* Begin PBXFrameworksBuildPhase section */
		D2AAC07C0554694100DB518D /* Frameworks */ = {
			isa = PBXFrameworksBuildPhase;
			buildActionMask = 2147483647;
			files = (
				AACBBE4A0F95108600F1A2B1 /* Foundation.framework in Frameworks */,
			);
			runOnlyForDeploymentPostprocessing = 0;
		};
/* End PBXFrameworksBuildPhase section */

/* Begin PBXGroup section */
		034768DFFF38A50411DB9C8B /* Products */ = {
			isa = PBXGroup;
			children = (
				D2AAC07E0554694100DB518D /* libIoBranchSdk.a */,
			);
			name = Products;
			sourceTree = "<group>";
		};
		0867D691FE84028FC02AAC07 /* Titanium-Deferred-Deep-Linking-SDK */ = {
			isa = PBXGroup;
			children = (
				08FB77AEFE84172EC02AAC07 /* Classes */,
				32C88DFF0371C24200C91783 /* Other Sources */,
				0867D69AFE84028FC02AAC07 /* Frameworks */,
				034768DFFF38A50411DB9C8B /* Products */,
			);
			name = "Titanium-Deferred-Deep-Linking-SDK";
			sourceTree = "<group>";
		};
		0867D69AFE84028FC02AAC07 /* Frameworks */ = {
			isa = PBXGroup;
			children = (
				AACBBE490F95108600F1A2B1 /* Foundation.framework */,
			);
			name = Frameworks;
			sourceTree = "<group>";
		};
		08FB77AEFE84172EC02AAC07 /* Classes */ = {
			isa = PBXGroup;
			children = (
				1BEA68641E0A68DC0043856F /* Branch-SDK */,
				657DCBCC1CFF4FA100D1D27B /* Fabric */,
				D6DC185A1C1F99970054E63C /* JRSwizzle */,
				24DE9E0F11C5FE74003F90F6 /* IoBranchSdkModuleAssets.h */,
				24DE9E1011C5FE74003F90F6 /* IoBranchSdkModuleAssets.m */,
				24DD6CF71134B3F500162E58 /* IoBranchSdkModule.h */,
				24DD6CF81134B3F500162E58 /* IoBranchSdkModule.m */,
				D60359851C067C1600ACC6C5 /* IoBranchSdkBranchUniversalObjectProxy.h */,
				D60359861C067C1600ACC6C5 /* IoBranchSdkBranchUniversalObjectProxy.m */,
			);
			name = Classes;
			sourceTree = "<group>";
		};
		1BEA68641E0A68DC0043856F /* Branch-SDK */ = {
			isa = PBXGroup;
			children = (
				7B7612C01F4628450011EAC5 /* Networking */,
				7B7612BA1F4628450011EAC5 /* BNCCrashlyticsWrapper.h */,
				7B7612BB1F4628450011EAC5 /* BNCCrashlyticsWrapper.m */,
				7B7612BC1F4628450011EAC5 /* BNCDeepLinkViewControllerInstance.h */,
				7B7612BD1F4628450011EAC5 /* BNCDeepLinkViewControllerInstance.m */,
				7B7612BE1F4628450011EAC5 /* BNCLocalization.h */,
				7B7612BF1F4628450011EAC5 /* BNCLocalization.m */,
				7B3135781EE86204009E2F76 /* BNCCommerceEvent.h */,
				7B3135791EE86204009E2F76 /* BNCCommerceEvent.m */,
				7B31357A1EE86204009E2F76 /* BNCDebug.h */,
				7B31357B1EE86204009E2F76 /* BNCDebug.m */,
				7B31357C1EE86204009E2F76 /* BNCLog.h */,
				7B31357D1EE86204009E2F76 /* BNCLog.m */,
				7B31357E1EE86204009E2F76 /* BranchShareLink.h */,
				7B31357F1EE86204009E2F76 /* BranchShareLink.m */,
				7B3135801EE86204009E2F76 /* NSMutableDictionary+Branch.h */,
				7B3135811EE86204009E2F76 /* NSMutableDictionary+Branch.m */,
				7B3135821EE86204009E2F76 /* NSString+Branch.h */,
				7B3135831EE86204009E2F76 /* NSString+Branch.m */,
				1BEA68651E0A68DC0043856F /* BNCCallbacks.h */,
				1BEA68661E0A68DC0043856F /* BNCConfig.h */,
				1BEA68671E0A68DC0043856F /* BNCConfig.m */,
				1BEA68681E0A68DC0043856F /* BNCContentDiscoveryManager.h */,
				1BEA68691E0A68DC0043856F /* BNCContentDiscoveryManager.m */,
				1BEA686A1E0A68DC0043856F /* BNCDeviceInfo.h */,
				1BEA686B1E0A68DC0043856F /* BNCDeviceInfo.m */,
				1BEA686C1E0A68DC0043856F /* BNCEncodingUtils.h */,
				1BEA686D1E0A68DC0043856F /* BNCEncodingUtils.m */,
				1BEA686E1E0A68DC0043856F /* BNCError.h */,
				1BEA686F1E0A68DC0043856F /* BNCError.m */,
				1BEA68701E0A68DC0043856F /* BNCFabricAnswers.h */,
				1BEA68711E0A68DC0043856F /* BNCFabricAnswers.m */,
				1BEA68721E0A68DC0043856F /* BNCLinkCache.h */,
				1BEA68731E0A68DC0043856F /* BNCLinkCache.m */,
				1BEA68741E0A68DC0043856F /* BNCLinkData.h */,
				1BEA68751E0A68DC0043856F /* BNCLinkData.m */,
				1BEA68761E0A68DC0043856F /* BNCPreferenceHelper.h */,
				1BEA68771E0A68DC0043856F /* BNCPreferenceHelper.m */,
				1BEA687E1E0A68DC0043856F /* BNCStrongMatchHelper.h */,
				1BEA687F1E0A68DC0043856F /* BNCStrongMatchHelper.m */,
				1BEA68801E0A68DC0043856F /* BNCSystemObserver.h */,
				1BEA68811E0A68DC0043856F /* BNCSystemObserver.m */,
				1BEA68821E0A68DC0043856F /* BNCXcode7Support.h */,
				1BEA68831E0A68DC0043856F /* BNCXcode7Support.m */,
				1BEA68841E0A68DC0043856F /* Branch-SDK-Prefix.pch */,
				1BEA68851E0A68DC0043856F /* Branch.h */,
				1BEA68861E0A68DC0043856F /* Branch.m */,
				1BEA68871E0A68DC0043856F /* BranchActivityItemProvider.h */,
				1BEA68881E0A68DC0043856F /* BranchActivityItemProvider.m */,
				1BEA68891E0A68DC0043856F /* BranchConstants.h */,
				1BEA688A1E0A68DC0043856F /* BranchConstants.m */,
				1BEA688B1E0A68DC0043856F /* BranchContentDiscoverer.h */,
				1BEA688C1E0A68DC0043856F /* BranchContentDiscoverer.m */,
				1BEA688D1E0A68DC0043856F /* BranchContentDiscoveryManifest.h */,
				1BEA688E1E0A68DC0043856F /* BranchContentDiscoveryManifest.m */,
				1BEA688F1E0A68DC0043856F /* BranchContentPathProperties.h */,
				1BEA68901E0A68DC0043856F /* BranchContentPathProperties.m */,
				1BEA68911E0A68DC0043856F /* BranchCSSearchableItemAttributeSet.h */,
				1BEA68921E0A68DC0043856F /* BranchCSSearchableItemAttributeSet.m */,
				1BEA68931E0A68DC0043856F /* BranchDeepLinkingController.h */,
				1BEA68941E0A68DC0043856F /* BranchLinkProperties.h */,
				1BEA68951E0A68DC0043856F /* BranchLinkProperties.m */,
				1BEA68961E0A68DC0043856F /* BranchUniversalObject.h */,
				1BEA68971E0A68DC0043856F /* BranchUniversalObject.m */,
				1BEA68981E0A68DC0043856F /* BranchView.h */,
				1BEA68991E0A68DC0043856F /* BranchView.m */,
				1BEA689A1E0A68DC0043856F /* BranchViewHandler.h */,
				1BEA689B1E0A68DC0043856F /* BranchViewHandler.m */,
			);
			name = "Branch-SDK";
			path = "Classes/Branch-SDK";
			sourceTree = "<group>";
		};
		32C88DFF0371C24200C91783 /* Other Sources */ = {
			isa = PBXGroup;
			children = (
				AA747D9E0F9514B9006C5449 /* IoBranchSdk_Prefix.pch */,
				24DD6D1B1134B66800162E58 /* titanium.xcconfig */,
			);
			name = "Other Sources";
			sourceTree = "<group>";
		};
		657DCBCC1CFF4FA100D1D27B /* Fabric */ = {
			isa = PBXGroup;
			children = (
				657DCBCD1CFF4FA100D1D27B /* FABAttributes.h */,
				657DCBCE1CFF4FA100D1D27B /* FABKitProtocol.h */,
				657DCBCF1CFF4FA100D1D27B /* Fabric+FABKits.h */,
				657DCBD01CFF4FA100D1D27B /* Fabric.h */,
			);
			name = Fabric;
			path = Classes/Fabric;
			sourceTree = "<group>";
		};
		7B7612C01F4628450011EAC5 /* Networking */ = {
			isa = PBXGroup;
			children = (
				7B7612C11F4628450011EAC5 /* BNCNetworkService.h */,
				7B7612C21F4628450011EAC5 /* BNCNetworkService.m */,
				7B7612C31F4628450011EAC5 /* BNCNetworkServiceProtocol.h */,
				7B7612C41F4628450011EAC5 /* BNCServerInterface.h */,
				7B7612C51F4628450011EAC5 /* BNCServerInterface.m */,
				7B7612C61F4628450011EAC5 /* BNCServerRequest.h */,
				7B7612C71F4628450011EAC5 /* BNCServerRequest.m */,
				7B7612C81F4628450011EAC5 /* BNCServerRequestQueue.h */,
				7B7612C91F4628450011EAC5 /* BNCServerRequestQueue.m */,
				7B7612CA1F4628450011EAC5 /* BNCServerResponse.h */,
				7B7612CB1F4628450011EAC5 /* BNCServerResponse.m */,
				7B7612CC1F4628450011EAC5 /* Requests */,
			);
			path = Networking;
			sourceTree = "<group>";
		};
		7B7612CC1F4628450011EAC5 /* Requests */ = {
			isa = PBXGroup;
			children = (
				7B7612CD1F4628450011EAC5 /* BranchCloseRequest.h */,
				7B7612CE1F4628450011EAC5 /* BranchCloseRequest.m */,
				7B7612CF1F4628450011EAC5 /* BranchCreditHistoryRequest.h */,
				7B7612D01F4628450011EAC5 /* BranchCreditHistoryRequest.m */,
				7B7612D11F4628450011EAC5 /* BranchInstallRequest.h */,
				7B7612D21F4628450011EAC5 /* BranchInstallRequest.m */,
				7B7612D31F4628450011EAC5 /* BranchLoadRewardsRequest.h */,
				7B7612D41F4628450011EAC5 /* BranchLoadRewardsRequest.m */,
				7B7612D51F4628450011EAC5 /* BranchLogoutRequest.h */,
				7B7612D61F4628450011EAC5 /* BranchLogoutRequest.m */,
				7B7612D71F4628450011EAC5 /* BranchOpenRequest.h */,
				7B7612D81F4628450011EAC5 /* BranchOpenRequest.m */,
				7B7612D91F4628450011EAC5 /* BranchRedeemRewardsRequest.h */,
				7B7612DA1F4628450011EAC5 /* BranchRedeemRewardsRequest.m */,
				7B7612DB1F4628450011EAC5 /* BranchRegisterViewRequest.h */,
				7B7612DC1F4628450011EAC5 /* BranchRegisterViewRequest.m */,
				7B7612DD1F4628450011EAC5 /* BranchSetIdentityRequest.h */,
				7B7612DE1F4628450011EAC5 /* BranchSetIdentityRequest.m */,
				7B7612DF1F4628450011EAC5 /* BranchShortUrlRequest.h */,
				7B7612E01F4628450011EAC5 /* BranchShortUrlRequest.m */,
				7B7612E11F4628450011EAC5 /* BranchShortUrlSyncRequest.h */,
				7B7612E21F4628450011EAC5 /* BranchShortUrlSyncRequest.m */,
				7B7612E31F4628450011EAC5 /* BranchSpotlightUrlRequest.h */,
				7B7612E41F4628450011EAC5 /* BranchSpotlightUrlRequest.m */,
				7B7612E51F4628450011EAC5 /* BranchUserCompletedActionRequest.h */,
				7B7612E61F4628450011EAC5 /* BranchUserCompletedActionRequest.m */,
			);
			path = Requests;
			sourceTree = "<group>";
		};
		D6DC185A1C1F99970054E63C /* JRSwizzle */ = {
			isa = PBXGroup;
			children = (
				D6DC185B1C1F99EE0054E63C /* JRSwizzle.h */,
				D6DC185C1C1F99EE0054E63C /* JRSwizzle.m */,
			);
			name = JRSwizzle;
			sourceTree = "<group>";
		};
/* End PBXGroup section */

/* Begin PBXHeadersBuildPhase section */
		D2AAC07A0554694100DB518D /* Headers */ = {
			isa = PBXHeadersBuildPhase;
			buildActionMask = 2147483647;
			files = (
				7B3135A81EE86204009E2F76 /* BranchShareLink.h in Headers */,
				7B3135AA1EE86204009E2F76 /* NSMutableDictionary+Branch.h in Headers */,
				1BEA68C91E0A68DC0043856F /* BNCLinkData.h in Headers */,
				7B7613001F4628450011EAC5 /* BranchLogoutRequest.h in Headers */,
				7B7613061F4628450011EAC5 /* BranchRegisterViewRequest.h in Headers */,
				1BEA68E61E0A68DC0043856F /* BranchCSSearchableItemAttributeSet.h in Headers */,
				7B7612E71F4628450011EAC5 /* BNCCrashlyticsWrapper.h in Headers */,
				1BEA68D51E0A68DC0043856F /* BNCSystemObserver.h in Headers */,
				1BEA68DA1E0A68DC0043856F /* Branch.h in Headers */,
				1BEA68D91E0A68DC0043856F /* Branch-SDK-Prefix.pch in Headers */,
				1BEA68E81E0A68DC0043856F /* BranchDeepLinkingController.h in Headers */,
				D6DC185D1C1F99EE0054E63C /* JRSwizzle.h in Headers */,
				7B7613081F4628450011EAC5 /* BranchSetIdentityRequest.h in Headers */,
				7B7613101F4628450011EAC5 /* BranchUserCompletedActionRequest.h in Headers */,
				7B3135A61EE86204009E2F76 /* BNCLog.h in Headers */,
				1BEA68E21E0A68DC0043856F /* BranchContentDiscoveryManifest.h in Headers */,
				7B7612F81F4628450011EAC5 /* BranchCloseRequest.h in Headers */,
				1BEA68C71E0A68DC0043856F /* BNCLinkCache.h in Headers */,
				7B76130C1F4628450011EAC5 /* BranchShortUrlSyncRequest.h in Headers */,
				1BEA68C31E0A68DC0043856F /* BNCError.h in Headers */,
				AA747D9F0F9514B9006C5449 /* IoBranchSdk_Prefix.pch in Headers */,
				7B7612FC1F4628450011EAC5 /* BranchInstallRequest.h in Headers */,
				7B7613021F4628450011EAC5 /* BranchOpenRequest.h in Headers */,
				24DD6CF91134B3F500162E58 /* IoBranchSdkModule.h in Headers */,
				1BEA68E91E0A68DC0043856F /* BranchLinkProperties.h in Headers */,
				1BEA68BD1E0A68DC0043856F /* BNCContentDiscoveryManager.h in Headers */,
				7B7613041F4628450011EAC5 /* BranchRedeemRewardsRequest.h in Headers */,
				1BEA68EF1E0A68DC0043856F /* BranchViewHandler.h in Headers */,
				1BEA68DE1E0A68DC0043856F /* BranchConstants.h in Headers */,
				1BEA68C51E0A68DC0043856F /* BNCFabricAnswers.h in Headers */,
				7B7612FA1F4628450011EAC5 /* BranchCreditHistoryRequest.h in Headers */,
				1BEA68D71E0A68DC0043856F /* BNCXcode7Support.h in Headers */,
				7B7612FE1F4628450011EAC5 /* BranchLoadRewardsRequest.h in Headers */,
				1BEA68CB1E0A68DC0043856F /* BNCPreferenceHelper.h in Headers */,
				7B7612F41F4628450011EAC5 /* BNCServerRequestQueue.h in Headers */,
				D60359871C067C1600ACC6C5 /* IoBranchSdkBranchUniversalObjectProxy.h in Headers */,
				1BEA68C11E0A68DC0043856F /* BNCEncodingUtils.h in Headers */,
				657DCC271CFF4FA100D1D27B /* Fabric.h in Headers */,
				7B76130E1F4628450011EAC5 /* BranchSpotlightUrlRequest.h in Headers */,
				657DCC261CFF4FA100D1D27B /* Fabric+FABKits.h in Headers */,
				7B7612F21F4628450011EAC5 /* BNCServerRequest.h in Headers */,
				7B3135A41EE86204009E2F76 /* BNCDebug.h in Headers */,
				1BEA68DC1E0A68DC0043856F /* BranchActivityItemProvider.h in Headers */,
				1BEA68E41E0A68DC0043856F /* BranchContentPathProperties.h in Headers */,
				7B7612F61F4628450011EAC5 /* BNCServerResponse.h in Headers */,
				24DE9E1111C5FE74003F90F6 /* IoBranchSdkModuleAssets.h in Headers */,
				7B7612EB1F4628450011EAC5 /* BNCLocalization.h in Headers */,
				1BEA68BB1E0A68DC0043856F /* BNCConfig.h in Headers */,
				7B7612E91F4628450011EAC5 /* BNCDeepLinkViewControllerInstance.h in Headers */,
				7B7612F01F4628450011EAC5 /* BNCServerInterface.h in Headers */,
				1BEA68BF1E0A68DC0043856F /* BNCDeviceInfo.h in Headers */,
				7B7612ED1F4628450011EAC5 /* BNCNetworkService.h in Headers */,
				1BEA68D31E0A68DC0043856F /* BNCStrongMatchHelper.h in Headers */,
				1BEA68ED1E0A68DC0043856F /* BranchView.h in Headers */,
				7B3135AC1EE86204009E2F76 /* NSString+Branch.h in Headers */,
				1BEA68E01E0A68DC0043856F /* BranchContentDiscoverer.h in Headers */,
				1BEA68BA1E0A68DC0043856F /* BNCCallbacks.h in Headers */,
				657DCC251CFF4FA100D1D27B /* FABKitProtocol.h in Headers */,
				7B76130A1F4628450011EAC5 /* BranchShortUrlRequest.h in Headers */,
				657DCC241CFF4FA100D1D27B /* FABAttributes.h in Headers */,
				7B7612EF1F4628450011EAC5 /* BNCNetworkServiceProtocol.h in Headers */,
				7B3135A21EE86204009E2F76 /* BNCCommerceEvent.h in Headers */,
				1BEA68EB1E0A68DC0043856F /* BranchUniversalObject.h in Headers */,
			);
			runOnlyForDeploymentPostprocessing = 0;
		};
/* End PBXHeadersBuildPhase section */

/* Begin PBXNativeTarget section */
		D2AAC07D0554694100DB518D /* Titanium-Deferred-Deep-Linking-SDK */ = {
			isa = PBXNativeTarget;
			buildConfigurationList = 1DEB921E08733DC00010E9CD /* Build configuration list for PBXNativeTarget "Titanium-Deferred-Deep-Linking-SDK" */;
			buildPhases = (
				D2AAC07A0554694100DB518D /* Headers */,
				D2AAC07B0554694100DB518D /* Sources */,
				D2AAC07C0554694100DB518D /* Frameworks */,
			);
			buildRules = (
			);
			dependencies = (
			);
			name = "Titanium-Deferred-Deep-Linking-SDK";
			productName = "Titanium-Deferred-Deep-Linking-SDK";
			productReference = D2AAC07E0554694100DB518D /* libIoBranchSdk.a */;
			productType = "com.apple.product-type.library.static";
		};
/* End PBXNativeTarget section */

/* Begin PBXProject section */
		0867D690FE84028FC02AAC07 /* Project object */ = {
			isa = PBXProject;
			attributes = {
				LastUpgradeCheck = 0900;
			};
			buildConfigurationList = 1DEB922208733DC00010E9CD /* Build configuration list for PBXProject "Titanium-Deferred-Deep-Linking-SDK" */;
			compatibilityVersion = "Xcode 3.2";
			developmentRegion = English;
			hasScannedForEncodings = 1;
			knownRegions = (
				English,
				Japanese,
				French,
				German,
			);
			mainGroup = 0867D691FE84028FC02AAC07 /* Titanium-Deferred-Deep-Linking-SDK */;
			productRefGroup = 034768DFFF38A50411DB9C8B /* Products */;
			projectDirPath = "";
			projectRoot = "";
			targets = (
				D2AAC07D0554694100DB518D /* Titanium-Deferred-Deep-Linking-SDK */,
				24416B8111C4CA220047AFDD /* Build & Test */,
			);
		};
/* End PBXProject section */

/* Begin PBXShellScriptBuildPhase section */
		24416B8011C4CA220047AFDD /* ShellScript */ = {
			isa = PBXShellScriptBuildPhase;
			buildActionMask = 2147483647;
			files = (
			);
			inputPaths = (
			);
			outputPaths = (
			);
			runOnlyForDeploymentPostprocessing = 0;
			shellPath = /bin/sh;
			shellScript = "# shell script goes here\n\npython \"${TITANIUM_SDK}/titanium.py\" run --dir=\"${PROJECT_DIR}\"\nexit $?\n";
		};
/* End PBXShellScriptBuildPhase section */

/* Begin PBXSourcesBuildPhase section */
		D2AAC07B0554694100DB518D /* Sources */ = {
			isa = PBXSourcesBuildPhase;
			buildActionMask = 2147483647;
			files = (
				1BEA68C21E0A68DC0043856F /* BNCEncodingUtils.m in Sources */,
				7B7613011F4628450011EAC5 /* BranchLogoutRequest.m in Sources */,
				7B7613111F4628450011EAC5 /* BranchUserCompletedActionRequest.m in Sources */,
				D6DC185E1C1F99EE0054E63C /* JRSwizzle.m in Sources */,
				1BEA68D41E0A68DC0043856F /* BNCStrongMatchHelper.m in Sources */,
				7B3135AD1EE86204009E2F76 /* NSString+Branch.m in Sources */,
				7B76130D1F4628450011EAC5 /* BranchShortUrlSyncRequest.m in Sources */,
				1BEA68C41E0A68DC0043856F /* BNCError.m in Sources */,
				7B7612FF1F4628450011EAC5 /* BranchLoadRewardsRequest.m in Sources */,
				1BEA68CA1E0A68DC0043856F /* BNCLinkData.m in Sources */,
				7B7613051F4628450011EAC5 /* BranchRedeemRewardsRequest.m in Sources */,
				7B76130F1F4628450011EAC5 /* BranchSpotlightUrlRequest.m in Sources */,
				1BEA68DD1E0A68DC0043856F /* BranchActivityItemProvider.m in Sources */,
				1BEA68BC1E0A68DC0043856F /* BNCConfig.m in Sources */,
				1BEA68C61E0A68DC0043856F /* BNCFabricAnswers.m in Sources */,
				1BEA68CC1E0A68DC0043856F /* BNCPreferenceHelper.m in Sources */,
				7B7612F91F4628450011EAC5 /* BranchCloseRequest.m in Sources */,
				7B7612FD1F4628450011EAC5 /* BranchInstallRequest.m in Sources */,
				7B7612EE1F4628450011EAC5 /* BNCNetworkService.m in Sources */,
				1BEA68D61E0A68DC0043856F /* BNCSystemObserver.m in Sources */,
				1BEA68F01E0A68DC0043856F /* BranchViewHandler.m in Sources */,
				7B7612F31F4628450011EAC5 /* BNCServerRequest.m in Sources */,
				7B76130B1F4628450011EAC5 /* BranchShortUrlRequest.m in Sources */,
				7B7612EC1F4628450011EAC5 /* BNCLocalization.m in Sources */,
				1BEA68E51E0A68DC0043856F /* BranchContentPathProperties.m in Sources */,
				1BEA68DF1E0A68DC0043856F /* BranchConstants.m in Sources */,
				1BEA68EA1E0A68DC0043856F /* BranchLinkProperties.m in Sources */,
				7B7612F51F4628450011EAC5 /* BNCServerRequestQueue.m in Sources */,
				7B7612FB1F4628450011EAC5 /* BranchCreditHistoryRequest.m in Sources */,
				7B7612E81F4628450011EAC5 /* BNCCrashlyticsWrapper.m in Sources */,
				1BEA68EC1E0A68DC0043856F /* BranchUniversalObject.m in Sources */,
				1BEA68C01E0A68DC0043856F /* BNCDeviceInfo.m in Sources */,
				7B3135A91EE86204009E2F76 /* BranchShareLink.m in Sources */,
				7B7613071F4628450011EAC5 /* BranchRegisterViewRequest.m in Sources */,
				7B7612EA1F4628450011EAC5 /* BNCDeepLinkViewControllerInstance.m in Sources */,
				D60359881C067C1600ACC6C5 /* IoBranchSdkBranchUniversalObjectProxy.m in Sources */,
				24DD6CFA1134B3F500162E58 /* IoBranchSdkModule.m in Sources */,
				7B7612F11F4628450011EAC5 /* BNCServerInterface.m in Sources */,
				1BEA68BE1E0A68DC0043856F /* BNCContentDiscoveryManager.m in Sources */,
				1BEA68C81E0A68DC0043856F /* BNCLinkCache.m in Sources */,
				1BEA68DB1E0A68DC0043856F /* Branch.m in Sources */,
				1BEA68D81E0A68DC0043856F /* BNCXcode7Support.m in Sources */,
				7B7613091F4628450011EAC5 /* BranchSetIdentityRequest.m in Sources */,
				7B3135AB1EE86204009E2F76 /* NSMutableDictionary+Branch.m in Sources */,
				7B7613031F4628450011EAC5 /* BranchOpenRequest.m in Sources */,
				1BEA68E71E0A68DC0043856F /* BranchCSSearchableItemAttributeSet.m in Sources */,
				1BEA68E11E0A68DC0043856F /* BranchContentDiscoverer.m in Sources */,
				7B3135A71EE86204009E2F76 /* BNCLog.m in Sources */,
				1BEA68E31E0A68DC0043856F /* BranchContentDiscoveryManifest.m in Sources */,
				7B7612F71F4628450011EAC5 /* BNCServerResponse.m in Sources */,
				1BEA68EE1E0A68DC0043856F /* BranchView.m in Sources */,
				24DE9E1211C5FE74003F90F6 /* IoBranchSdkModuleAssets.m in Sources */,
				7B3135A31EE86204009E2F76 /* BNCCommerceEvent.m in Sources */,
				7B3135A51EE86204009E2F76 /* BNCDebug.m in Sources */,
			);
			runOnlyForDeploymentPostprocessing = 0;
		};
/* End PBXSourcesBuildPhase section */

/* Begin PBXTargetDependency section */
		24416B8511C4CA280047AFDD /* PBXTargetDependency */ = {
			isa = PBXTargetDependency;
			target = D2AAC07D0554694100DB518D /* Titanium-Deferred-Deep-Linking-SDK */;
			targetProxy = 24416B8411C4CA280047AFDD /* PBXContainerItemProxy */;
		};
/* End PBXTargetDependency section */

/* Begin XCBuildConfiguration section */
		1DEB921F08733DC00010E9CD /* Debug */ = {
			isa = XCBuildConfiguration;
			baseConfigurationReference = 24DD6D1B1134B66800162E58 /* titanium.xcconfig */;
			buildSettings = {
				CLANG_ENABLE_MODULES = YES;
				CLANG_ENABLE_OBJC_ARC = YES;
				CODE_SIGN_IDENTITY = "iPhone Developer";
				"CODE_SIGN_IDENTITY[sdk=iphoneos*]" = "iPhone Developer";
				DSTROOT = /tmp/IoBranchSdk.dst;
				GCC_C_LANGUAGE_STANDARD = c99;
				GCC_OPTIMIZATION_LEVEL = 0;
				GCC_PRECOMPILE_PREFIX_HEADER = YES;
				GCC_PREFIX_HEADER = IoBranchSdk_Prefix.pch;
				GCC_PREPROCESSOR_DEFINITIONS = "TI_VERSION=$(TI_VERSION)";
				GCC_TREAT_WARNINGS_AS_ERRORS = NO;
				GCC_VERSION = "";
				GCC_WARN_ABOUT_RETURN_TYPE = NO;
				GCC_WARN_MISSING_PARENTHESES = NO;
				GCC_WARN_SHADOW = NO;
				GCC_WARN_STRICT_SELECTOR_MATCH = NO;
				GCC_WARN_UNUSED_FUNCTION = YES;
				GCC_WARN_UNUSED_PARAMETER = NO;
				GCC_WARN_UNUSED_VALUE = NO;
				GCC_WARN_UNUSED_VARIABLE = NO;
				INSTALL_PATH = /usr/local/lib;
				IPHONEOS_DEPLOYMENT_TARGET = 8.0;
				LIBRARY_SEARCH_PATHS = "";
				OTHER_CFLAGS = (
					"-DDEBUG",
					"-DTI_POST_1_2",
				);
				OTHER_LDFLAGS = "-ObjC";
				PRODUCT_NAME = IoBranchSdk;
				PROVISIONING_PROFILE = "";
				"PROVISIONING_PROFILE[sdk=iphoneos*]" = "";
				RUN_CLANG_STATIC_ANALYZER = NO;
				SDKROOT = iphoneos;
				USER_HEADER_SEARCH_PATHS = "";
			};
			name = Debug;
		};
		1DEB922008733DC00010E9CD /* Release */ = {
			isa = XCBuildConfiguration;
			baseConfigurationReference = 24DD6D1B1134B66800162E58 /* titanium.xcconfig */;
			buildSettings = {
				ALWAYS_SEARCH_USER_PATHS = NO;
				CLANG_ENABLE_MODULES = YES;
				CLANG_ENABLE_OBJC_ARC = YES;
				DSTROOT = /tmp/IoBranchSdk.dst;
				GCC_C_LANGUAGE_STANDARD = c99;
				GCC_MODEL_TUNING = G5;
				GCC_PRECOMPILE_PREFIX_HEADER = YES;
				GCC_PREFIX_HEADER = IoBranchSdk_Prefix.pch;
				GCC_PREPROCESSOR_DEFINITIONS = "TI_VERSION=$(TI_VERSION)";
				GCC_TREAT_WARNINGS_AS_ERRORS = NO;
				GCC_VERSION = "";
				GCC_WARN_ABOUT_RETURN_TYPE = NO;
				GCC_WARN_MISSING_PARENTHESES = NO;
				GCC_WARN_SHADOW = NO;
				GCC_WARN_STRICT_SELECTOR_MATCH = NO;
				GCC_WARN_UNUSED_FUNCTION = YES;
				GCC_WARN_UNUSED_PARAMETER = NO;
				GCC_WARN_UNUSED_VALUE = NO;
				GCC_WARN_UNUSED_VARIABLE = NO;
				INSTALL_PATH = /usr/local/lib;
				IPHONEOS_DEPLOYMENT_TARGET = 8.0;
				LIBRARY_SEARCH_PATHS = "";
				OTHER_CFLAGS = "-DTI_POST_1_2";
				OTHER_LDFLAGS = "-ObjC";
				PRODUCT_NAME = IoBranchSdk;
				RUN_CLANG_STATIC_ANALYZER = NO;
				SDKROOT = iphoneos;
				USER_HEADER_SEARCH_PATHS = "";
			};
			name = Release;
		};
		1DEB922308733DC00010E9CD /* Debug */ = {
			isa = XCBuildConfiguration;
			baseConfigurationReference = 24DD6D1B1134B66800162E58 /* titanium.xcconfig */;
			buildSettings = {
				CLANG_ANALYZER_LOCALIZABILITY_NONLOCALIZED = YES;
				CLANG_CXX_LIBRARY = "compiler-default";
				CLANG_WARN_BLOCK_CAPTURE_AUTORELEASING = YES;
				CLANG_WARN_BOOL_CONVERSION = YES;
				CLANG_WARN_COMMA = YES;
				CLANG_WARN_CONSTANT_CONVERSION = YES;
				CLANG_WARN_EMPTY_BODY = YES;
				CLANG_WARN_ENUM_CONVERSION = YES;
				CLANG_WARN_INFINITE_RECURSION = YES;
				CLANG_WARN_INT_CONVERSION = YES;
				CLANG_WARN_NON_LITERAL_NULL_CONVERSION = YES;
				CLANG_WARN_OBJC_LITERAL_CONVERSION = YES;
				CLANG_WARN_RANGE_LOOP_ANALYSIS = YES;
				CLANG_WARN_STRICT_PROTOTYPES = YES;
				CLANG_WARN_SUSPICIOUS_MOVE = YES;
				CLANG_WARN_UNREACHABLE_CODE = YES;
				CLANG_WARN__DUPLICATE_METHOD_MATCH = YES;
				CODE_SIGN_IDENTITY = "iPhone Developer";
				"CODE_SIGN_IDENTITY[sdk=iphoneos*]" = "iPhone Developer";
				DSTROOT = /tmp/IoBranchSdk.dst;
				ENABLE_STRICT_OBJC_MSGSEND = YES;
				ENABLE_TESTABILITY = YES;
				GCC_C_LANGUAGE_STANDARD = c99;
				GCC_NO_COMMON_BLOCKS = YES;
				GCC_OPTIMIZATION_LEVEL = 0;
				GCC_PRECOMPILE_PREFIX_HEADER = YES;
				GCC_PREFIX_HEADER = IoBranchSdk_Prefix.pch;
				GCC_PREPROCESSOR_DEFINITIONS = "TI_VERSION=$(TI_VERSION)";
				GCC_TREAT_WARNINGS_AS_ERRORS = NO;
				GCC_VERSION = "";
				GCC_WARN_64_TO_32_BIT_CONVERSION = YES;
				GCC_WARN_ABOUT_RETURN_TYPE = NO;
				GCC_WARN_MISSING_PARENTHESES = NO;
				GCC_WARN_SHADOW = NO;
				GCC_WARN_STRICT_SELECTOR_MATCH = NO;
				GCC_WARN_UNDECLARED_SELECTOR = YES;
				GCC_WARN_UNINITIALIZED_AUTOS = YES;
				GCC_WARN_UNUSED_FUNCTION = YES;
				GCC_WARN_UNUSED_PARAMETER = NO;
				GCC_WARN_UNUSED_VALUE = NO;
				GCC_WARN_UNUSED_VARIABLE = NO;
				INSTALL_PATH = /usr/local/lib;
				ONLY_ACTIVE_ARCH = YES;
				OTHER_CFLAGS = (
					"-DDEBUG",
					"-DTI_POST_1_2",
				);
				OTHER_LDFLAGS = "-ObjC";
				PRODUCT_NAME = IoBranchSdk;
				PROVISIONING_PROFILE = "";
				"PROVISIONING_PROFILE[sdk=iphoneos*]" = "";
				RUN_CLANG_STATIC_ANALYZER = NO;
				SDKROOT = iphoneos;
				USER_HEADER_SEARCH_PATHS = "";
			};
			name = Debug;
		};
		1DEB922408733DC00010E9CD /* Release */ = {
			isa = XCBuildConfiguration;
			baseConfigurationReference = 24DD6D1B1134B66800162E58 /* titanium.xcconfig */;
			buildSettings = {
				ALWAYS_SEARCH_USER_PATHS = NO;
				CLANG_ANALYZER_LOCALIZABILITY_NONLOCALIZED = YES;
				CLANG_CXX_LIBRARY = "compiler-default";
				CLANG_WARN_BLOCK_CAPTURE_AUTORELEASING = YES;
				CLANG_WARN_BOOL_CONVERSION = YES;
				CLANG_WARN_COMMA = YES;
				CLANG_WARN_CONSTANT_CONVERSION = YES;
				CLANG_WARN_EMPTY_BODY = YES;
				CLANG_WARN_ENUM_CONVERSION = YES;
				CLANG_WARN_INFINITE_RECURSION = YES;
				CLANG_WARN_INT_CONVERSION = YES;
				CLANG_WARN_NON_LITERAL_NULL_CONVERSION = YES;
				CLANG_WARN_OBJC_LITERAL_CONVERSION = YES;
				CLANG_WARN_RANGE_LOOP_ANALYSIS = YES;
				CLANG_WARN_STRICT_PROTOTYPES = YES;
				CLANG_WARN_SUSPICIOUS_MOVE = YES;
				CLANG_WARN_UNREACHABLE_CODE = YES;
				CLANG_WARN__DUPLICATE_METHOD_MATCH = YES;
				DSTROOT = /tmp/IoBranchSdk.dst;
				ENABLE_STRICT_OBJC_MSGSEND = YES;
				GCC_C_LANGUAGE_STANDARD = c99;
				GCC_MODEL_TUNING = G5;
				GCC_NO_COMMON_BLOCKS = YES;
				GCC_PRECOMPILE_PREFIX_HEADER = YES;
				GCC_PREFIX_HEADER = IoBranchSdk_Prefix.pch;
				GCC_PREPROCESSOR_DEFINITIONS = "TI_VERSION=$(TI_VERSION)";
				GCC_TREAT_WARNINGS_AS_ERRORS = NO;
				GCC_VERSION = "";
				GCC_WARN_64_TO_32_BIT_CONVERSION = YES;
				GCC_WARN_ABOUT_RETURN_TYPE = NO;
				GCC_WARN_MISSING_PARENTHESES = NO;
				GCC_WARN_SHADOW = NO;
				GCC_WARN_STRICT_SELECTOR_MATCH = NO;
				GCC_WARN_UNDECLARED_SELECTOR = YES;
				GCC_WARN_UNINITIALIZED_AUTOS = YES;
				GCC_WARN_UNUSED_FUNCTION = YES;
				GCC_WARN_UNUSED_PARAMETER = NO;
				GCC_WARN_UNUSED_VALUE = NO;
				GCC_WARN_UNUSED_VARIABLE = NO;
				INSTALL_PATH = /usr/local/lib;
				IPHONEOS_DEPLOYMENT_TARGET = 8.0;
				ONLY_ACTIVE_ARCH = NO;
				OTHER_CFLAGS = "-DTI_POST_1_2";
				OTHER_LDFLAGS = "-ObjC";
				PRODUCT_NAME = IoBranchSdk;
				RUN_CLANG_STATIC_ANALYZER = NO;
				SDKROOT = iphoneos;
				USER_HEADER_SEARCH_PATHS = "";
			};
			name = Release;
		};
		24416B8211C4CA220047AFDD /* Debug */ = {
			isa = XCBuildConfiguration;
			baseConfigurationReference = 24DD6D1B1134B66800162E58 /* titanium.xcconfig */;
			buildSettings = {
				COPY_PHASE_STRIP = NO;
				GCC_DYNAMIC_NO_PIC = NO;
				GCC_OPTIMIZATION_LEVEL = 0;
				PRODUCT_NAME = "Build & test";
			};
			name = Debug;
		};
		24416B8311C4CA220047AFDD /* Release */ = {
			isa = XCBuildConfiguration;
			baseConfigurationReference = 24DD6D1B1134B66800162E58 /* titanium.xcconfig */;
			buildSettings = {
				COPY_PHASE_STRIP = YES;
				DEBUG_INFORMATION_FORMAT = "dwarf-with-dsym";
				GCC_ENABLE_FIX_AND_CONTINUE = NO;
				PRODUCT_NAME = "Build & test";
				ZERO_LINK = NO;
			};
			name = Release;
		};
/* End XCBuildConfiguration section */

/* Begin XCConfigurationList section */
		1DEB921E08733DC00010E9CD /* Build configuration list for PBXNativeTarget "Titanium-Deferred-Deep-Linking-SDK" */ = {
			isa = XCConfigurationList;
			buildConfigurations = (
				1DEB921F08733DC00010E9CD /* Debug */,
				1DEB922008733DC00010E9CD /* Release */,
			);
			defaultConfigurationIsVisible = 0;
			defaultConfigurationName = Release;
		};
		1DEB922208733DC00010E9CD /* Build configuration list for PBXProject "Titanium-Deferred-Deep-Linking-SDK" */ = {
			isa = XCConfigurationList;
			buildConfigurations = (
				1DEB922308733DC00010E9CD /* Debug */,
				1DEB922408733DC00010E9CD /* Release */,
			);
			defaultConfigurationIsVisible = 0;
			defaultConfigurationName = Release;
		};
		24416B8A11C4CA520047AFDD /* Build configuration list for PBXAggregateTarget "Build & Test" */ = {
			isa = XCConfigurationList;
			buildConfigurations = (
				24416B8211C4CA220047AFDD /* Debug */,
				24416B8311C4CA220047AFDD /* Release */,
			);
			defaultConfigurationIsVisible = 0;
			defaultConfigurationName = Release;
		};
/* End XCConfigurationList section */
	};
	rootObject = 0867D690FE84028FC02AAC07 /* Project object */;
}
